// !$*UTF8*$!
{
	archiveVersion = 1;
	classes = {
	};
	objectVersion = 50;
	objects = {

/* Begin PBXBuildFile section */
		FA0E5880258B4B84002F5D88 /* GraphPoint.swift in Sources */ = {isa = PBXBuildFile; fileRef = FA0E587F258B4B84002F5D88 /* GraphPoint.swift */; };
		FA0E5884258BA4B3002F5D88 /* Date+Extensions.swift in Sources */ = {isa = PBXBuildFile; fileRef = FA0E5883258BA4B3002F5D88 /* Date+Extensions.swift */; };
		FA0E5887258BA545002F5D88 /* Sequense+Extensions.swift in Sources */ = {isa = PBXBuildFile; fileRef = FA0E5886258BA545002F5D88 /* Sequense+Extensions.swift */; };
		FA168DA32583740100393814 /* UIColor+Extensions.swift in Sources */ = {isa = PBXBuildFile; fileRef = FA168DA22583740100393814 /* UIColor+Extensions.swift */; };
		FA2018D92595D37700E17FAA /* PasscodeSuccessViewController.swift in Sources */ = {isa = PBXBuildFile; fileRef = FA2018D82595D37700E17FAA /* PasscodeSuccessViewController.swift */; };
		FA2018DE2595E26F00E17FAA /* UIViewController+Extensions.swift in Sources */ = {isa = PBXBuildFile; fileRef = FA2018DD2595E26F00E17FAA /* UIViewController+Extensions.swift */; };
		FA2544FD2578CED600D065CB /* CategoryCollectionViewCell.swift in Sources */ = {isa = PBXBuildFile; fileRef = FA2544FB2578CED600D065CB /* CategoryCollectionViewCell.swift */; };
		FA2544FE2578CED600D065CB /* CategoryCollectionViewCell.xib in Resources */ = {isa = PBXBuildFile; fileRef = FA2544FC2578CED600D065CB /* CategoryCollectionViewCell.xib */; };
		FA2CCE9F25A05E0E00137247 /* AppSettings.swift in Sources */ = {isa = PBXBuildFile; fileRef = FA2CCE9E25A05E0E00137247 /* AppSettings.swift */; };
		FA30131C2579124D004D2421 /* ChartViewController.swift in Sources */ = {isa = PBXBuildFile; fileRef = FA30131B2579124D004D2421 /* ChartViewController.swift */; };
		FA30131F257913D1004D2421 /* ChartView.swift in Sources */ = {isa = PBXBuildFile; fileRef = FA30131E257913D1004D2421 /* ChartView.swift */; };
		FA301323257914D6004D2421 /* MonthCollectionViewCell.swift in Sources */ = {isa = PBXBuildFile; fileRef = FA301321257914D6004D2421 /* MonthCollectionViewCell.swift */; };
		FA301324257914D6004D2421 /* MonthCollectionViewCell.xib in Resources */ = {isa = PBXBuildFile; fileRef = FA301322257914D6004D2421 /* MonthCollectionViewCell.xib */; };
		FA33752D2588D67C00139495 /* Category+CoreDataClass.swift in Sources */ = {isa = PBXBuildFile; fileRef = FA33752B2588D67C00139495 /* Category+CoreDataClass.swift */; };
		FA33752E2588D67C00139495 /* Category+CoreDataProperties.swift in Sources */ = {isa = PBXBuildFile; fileRef = FA33752C2588D67C00139495 /* Category+CoreDataProperties.swift */; };
		FA354873259CEA5E00D864CD /* String+Extensions.swift in Sources */ = {isa = PBXBuildFile; fileRef = FA354872259CEA5E00D864CD /* String+Extensions.swift */; };
		FA35487A259CF00800D864CD /* TransactionsTableViewCell.swift in Sources */ = {isa = PBXBuildFile; fileRef = FA354878259CF00800D864CD /* TransactionsTableViewCell.swift */; };
		FA35487B259CF00800D864CD /* TransactionsTableViewCell.xib in Resources */ = {isa = PBXBuildFile; fileRef = FA354879259CF00800D864CD /* TransactionsTableViewCell.xib */; };
		FA354888259CF37E00D864CD /* CategoryElementsViewController.swift in Sources */ = {isa = PBXBuildFile; fileRef = FA354887259CF37E00D864CD /* CategoryElementsViewController.swift */; };
		FA38CE5B259C7A64006EC8C2 /* Home.storyboard in Resources */ = {isa = PBXBuildFile; fileRef = FA38CE5D259C7A64006EC8C2 /* Home.storyboard */; };
		FA38CE64259C9C00006EC8C2 /* Category.storyboard in Resources */ = {isa = PBXBuildFile; fileRef = FA38CE66259C9C00006EC8C2 /* Category.storyboard */; };
		FA49FFDA258DE029006BB779 /* ExpenseButton.swift in Sources */ = {isa = PBXBuildFile; fileRef = FA49FFD9258DE029006BB779 /* ExpenseButton.swift */; };
		FA49FFDD258DE041006BB779 /* IncomeButton.swift in Sources */ = {isa = PBXBuildFile; fileRef = FA49FFDC258DE041006BB779 /* IncomeButton.swift */; };
		FA4BBF332578FDE100F2ABD7 /* NavigationBar+Extensions.swift in Sources */ = {isa = PBXBuildFile; fileRef = FA4BBF322578FDE100F2ABD7 /* NavigationBar+Extensions.swift */; };
		FA4BBF372579029A00F2ABD7 /* UIView+Extensions.swift in Sources */ = {isa = PBXBuildFile; fileRef = FA4BBF362579029A00F2ABD7 /* UIView+Extensions.swift */; };
		FA4DE2122594C5BE0069205F /* SecureStore.swift in Sources */ = {isa = PBXBuildFile; fileRef = FA4DE2112594C5BE0069205F /* SecureStore.swift */; };
		FA4DE2152594C5F50069205F /* SecureStoreQueryable.swift in Sources */ = {isa = PBXBuildFile; fileRef = FA4DE2142594C5F50069205F /* SecureStoreQueryable.swift */; };
		FA4DE2182594C61D0069205F /* SecureStoreError.swift in Sources */ = {isa = PBXBuildFile; fileRef = FA4DE2172594C61D0069205F /* SecureStoreError.swift */; };
		FA4DE21B2594C68D0069205F /* GenericPasswordQueryable.swift in Sources */ = {isa = PBXBuildFile; fileRef = FA4DE21A2594C68D0069205F /* GenericPasswordQueryable.swift */; };
		FA5295C2258A199D001B4D9D /* Balance+CoreDataClass.swift in Sources */ = {isa = PBXBuildFile; fileRef = FA5295C0258A199D001B4D9D /* Balance+CoreDataClass.swift */; };
		FA5295C3258A199D001B4D9D /* Balance+CoreDataProperties.swift in Sources */ = {isa = PBXBuildFile; fileRef = FA5295C1258A199D001B4D9D /* Balance+CoreDataProperties.swift */; };
		FA59C76D25755B9300C80A5A /* HomeCollectionViewCell.swift in Sources */ = {isa = PBXBuildFile; fileRef = FA59C76B25755B9300C80A5A /* HomeCollectionViewCell.swift */; };
		FA59C76E25755B9300C80A5A /* HomeCollectionViewCell.xib in Resources */ = {isa = PBXBuildFile; fileRef = FA59C76C25755B9300C80A5A /* HomeCollectionViewCell.xib */; };
		FA64E8E0259F255F007A96DE /* AppSettings.storyboard in Resources */ = {isa = PBXBuildFile; fileRef = FA64E8DF259F255F007A96DE /* AppSettings.storyboard */; };
		FA64E8E3259F25F6007A96DE /* AppSettingsViewController.swift in Sources */ = {isa = PBXBuildFile; fileRef = FA64E8E2259F25F6007A96DE /* AppSettingsViewController.swift */; };
		FA64E8E7259F3FF6007A96DE /* CurrencyTableViewController.swift in Sources */ = {isa = PBXBuildFile; fileRef = FA64E8E6259F3FF6007A96DE /* CurrencyTableViewController.swift */; };
		FA64E8EC259F4038007A96DE /* RoundingTableViewController.swift in Sources */ = {isa = PBXBuildFile; fileRef = FA64E8EB259F4038007A96DE /* RoundingTableViewController.swift */; };
		FA64E8EF259F405D007A96DE /* DisplayingOnHomeScreenTableViewController.swift in Sources */ = {isa = PBXBuildFile; fileRef = FA64E8EE259F405D007A96DE /* DisplayingOnHomeScreenTableViewController.swift */; };
		FA67CEB82590B53F00DC9A61 /* CategoryImage+CoreDataClass.swift in Sources */ = {isa = PBXBuildFile; fileRef = FA67CEB42590B53F00DC9A61 /* CategoryImage+CoreDataClass.swift */; };
		FA67CEB92590B53F00DC9A61 /* CategoryImage+CoreDataProperties.swift in Sources */ = {isa = PBXBuildFile; fileRef = FA67CEB52590B53F00DC9A61 /* CategoryImage+CoreDataProperties.swift */; };
		FA67CEBA2590B53F00DC9A61 /* Gradient+CoreDataClass.swift in Sources */ = {isa = PBXBuildFile; fileRef = FA67CEB62590B53F00DC9A61 /* Gradient+CoreDataClass.swift */; };
		FA67CEBB2590B53F00DC9A61 /* Gradient+CoreDataProperties.swift in Sources */ = {isa = PBXBuildFile; fileRef = FA67CEB72590B53F00DC9A61 /* Gradient+CoreDataProperties.swift */; };
		FA698AEE25876306008D2168 /* images.csv in Resources */ = {isa = PBXBuildFile; fileRef = FA698AED25876306008D2168 /* images.csv */; };
		FA6CDCB32599D4CB00DDECB3 /* Array+UIColor.swift in Sources */ = {isa = PBXBuildFile; fileRef = FA6CDCB22599D4CB00DDECB3 /* Array+UIColor.swift */; };
		FA6E673E258CF2F9000CBA2D /* TabBar.swift in Sources */ = {isa = PBXBuildFile; fileRef = FA6E673D258CF2F9000CBA2D /* TabBar.swift */; };
		FA6E6749258D1BC6000CBA2D /* SelectingTypeOfTransactionViewController.swift in Sources */ = {isa = PBXBuildFile; fileRef = FA6E6748258D1BC6000CBA2D /* SelectingTypeOfTransactionViewController.swift */; };
		FA6E674C258D1C10000CBA2D /* FillingAmountAndDescriptionViewController.swift in Sources */ = {isa = PBXBuildFile; fileRef = FA6E674B258D1C10000CBA2D /* FillingAmountAndDescriptionViewController.swift */; };
		FA6E674F258D1C29000CBA2D /* ChooseCategoryViewController.swift in Sources */ = {isa = PBXBuildFile; fileRef = FA6E674E258D1C29000CBA2D /* ChooseCategoryViewController.swift */; };
		FA6E6752258D1C4A000CBA2D /* ChooseDateViewController.swift in Sources */ = {isa = PBXBuildFile; fileRef = FA6E6751258D1C4A000CBA2D /* ChooseDateViewController.swift */; };
		FA718DA02588C41500A9FF12 /* CustomButton.swift in Sources */ = {isa = PBXBuildFile; fileRef = FA718D9F2588C41500A9FF12 /* CustomButton.swift */; };
		FA718DA42588CC6800A9FF12 /* Transaction+CoreDataClass.swift in Sources */ = {isa = PBXBuildFile; fileRef = FA718DA22588CC6800A9FF12 /* Transaction+CoreDataClass.swift */; };
		FA718DA52588CC6800A9FF12 /* Transaction+CoreDataProperties.swift in Sources */ = {isa = PBXBuildFile; fileRef = FA718DA32588CC6800A9FF12 /* Transaction+CoreDataProperties.swift */; };
		FA758854257666810016990D /* ScrollView+Extensions.swift in Sources */ = {isa = PBXBuildFile; fileRef = FA758853257666810016990D /* ScrollView+Extensions.swift */; };
		FA758857257668870016990D /* CategoryViewController.swift in Sources */ = {isa = PBXBuildFile; fileRef = FA758856257668870016990D /* CategoryViewController.swift */; };
		FA762D67258C95EE00702EEF /* MeetingPictureView.swift in Sources */ = {isa = PBXBuildFile; fileRef = FA762D66258C95EE00702EEF /* MeetingPictureView.swift */; };
		FA762D6B258C9C1200702EEF /* TransactionView.swift in Sources */ = {isa = PBXBuildFile; fileRef = FA762D6A258C9C1200702EEF /* TransactionView.swift */; };
		FA762D6E258CAC0400702EEF /* ExpenseView.swift in Sources */ = {isa = PBXBuildFile; fileRef = FA762D6D258CAC0400702EEF /* ExpenseView.swift */; };
		FA815C572598755500050884 /* AppearanceCollectionViewCell.swift in Sources */ = {isa = PBXBuildFile; fileRef = FA815C562598755500050884 /* AppearanceCollectionViewCell.swift */; };
		FA856FCA258CAD5F0020A6AA /* IncomeView.swift in Sources */ = {isa = PBXBuildFile; fileRef = FA856FC9258CAD5F0020A6AA /* IncomeView.swift */; };
		FA856FD1258CB2820020A6AA /* TransactionButton.swift in Sources */ = {isa = PBXBuildFile; fileRef = FA856FD0258CB2820020A6AA /* TransactionButton.swift */; };
		FA856FD5258CE01B0020A6AA /* TabBarViewController.swift in Sources */ = {isa = PBXBuildFile; fileRef = FA856FD4258CE01B0020A6AA /* TabBarViewController.swift */; };
		FA8D899125826DB900ED1770 /* ExpenseTracker.xcdatamodeld in Sources */ = {isa = PBXBuildFile; fileRef = FA8D898F25826DB900ED1770 /* ExpenseTracker.xcdatamodeld */; };
		FA917444259F2287001D96FF /* CategoryElements.storyboard in Resources */ = {isa = PBXBuildFile; fileRef = FA917446259F2287001D96FF /* CategoryElements.storyboard */; };
		FA96EAEC25936E02007DE177 /* PasscodeTextField.swift in Sources */ = {isa = PBXBuildFile; fileRef = FA96EAEB25936E02007DE177 /* PasscodeTextField.swift */; };
		FA96EAEF25936E2B007DE177 /* PinView.swift in Sources */ = {isa = PBXBuildFile; fileRef = FA96EAEE25936E2B007DE177 /* PinView.swift */; };
		FA96F7D02594F9FC00080051 /* PasscodeSuccessfullyView.swift in Sources */ = {isa = PBXBuildFile; fileRef = FA96F7CF2594F9FC00080051 /* PasscodeSuccessfullyView.swift */; };
		FA96F7D8259501A100080051 /* BottomLeftView.swift in Sources */ = {isa = PBXBuildFile; fileRef = FA96F7D7259501A100080051 /* BottomLeftView.swift */; };
		FA96F7DB259501AA00080051 /* TopRightView.swift in Sources */ = {isa = PBXBuildFile; fileRef = FA96F7DA259501AA00080051 /* TopRightView.swift */; };
		FA96F7DE259501B200080051 /* TopLeftView.swift in Sources */ = {isa = PBXBuildFile; fileRef = FA96F7DD259501B200080051 /* TopLeftView.swift */; };
		FAA126D5259371B900131A4F /* PasscodeViewController.swift in Sources */ = {isa = PBXBuildFile; fileRef = FAA126D4259371B900131A4F /* PasscodeViewController.swift */; };
		FAA83D152593866C00F3B0A7 /* SettingsViewController.swift in Sources */ = {isa = PBXBuildFile; fileRef = FAA83D142593866C00F3B0A7 /* SettingsViewController.swift */; };
		FAA83D192593898300F3B0A7 /* SettingsTableViewCell.swift in Sources */ = {isa = PBXBuildFile; fileRef = FAA83D172593898300F3B0A7 /* SettingsTableViewCell.swift */; };
		FAA83D1A2593898300F3B0A7 /* SettingsTableViewCell.xib in Resources */ = {isa = PBXBuildFile; fileRef = FAA83D182593898300F3B0A7 /* SettingsTableViewCell.xib */; };
		FAAC9A5125938D0100BDF53E /* ChangePasscodeViewController.swift in Sources */ = {isa = PBXBuildFile; fileRef = FAAC9A5025938D0100BDF53E /* ChangePasscodeViewController.swift */; };
		FAAFCD82257A36E100EBA6FC /* PlateView.swift in Sources */ = {isa = PBXBuildFile; fileRef = FAAFCD81257A36E100EBA6FC /* PlateView.swift */; };
		FAB9D7AD25794288003320A6 /* GraphView.swift in Sources */ = {isa = PBXBuildFile; fileRef = FAB9D7AC25794288003320A6 /* GraphView.swift */; };
		FABA274B259C9E8800D1E72C /* Settings.storyboard in Resources */ = {isa = PBXBuildFile; fileRef = FABA274D259C9E8800D1E72C /* Settings.storyboard */; };
		FABA2754259C9F0700D1E72C /* Appearance.storyboard in Resources */ = {isa = PBXBuildFile; fileRef = FABA2756259C9F0700D1E72C /* Appearance.storyboard */; };
		FABA275D259C9FB300D1E72C /* CreatePasscode.storyboard in Resources */ = {isa = PBXBuildFile; fileRef = FABA275F259C9FB300D1E72C /* CreatePasscode.storyboard */; };
		FABA2765259CA06E00D1E72C /* ConfigurePasscode.storyboard in Resources */ = {isa = PBXBuildFile; fileRef = FABA2767259CA06E00D1E72C /* ConfigurePasscode.storyboard */; };
		FABA276E259CA14F00D1E72C /* PasscodeSuccessfully.storyboard in Resources */ = {isa = PBXBuildFile; fileRef = FABA2770259CA14F00D1E72C /* PasscodeSuccessfully.storyboard */; };
		FABA2777259CA1C400D1E72C /* SelectingTypeOfTransactionViewController.storyboard in Resources */ = {isa = PBXBuildFile; fileRef = FABA2779259CA1C400D1E72C /* SelectingTypeOfTransactionViewController.storyboard */; };
		FABA277F259CA21800D1E72C /* FillingAmountAndDescriptionViewController.storyboard in Resources */ = {isa = PBXBuildFile; fileRef = FABA2781259CA21800D1E72C /* FillingAmountAndDescriptionViewController.storyboard */; };
		FABA2787259CA2A600D1E72C /* ChooseCategoryViewController.storyboard in Resources */ = {isa = PBXBuildFile; fileRef = FABA2789259CA2A600D1E72C /* ChooseCategoryViewController.storyboard */; };
		FABA278F259CA31900D1E72C /* ChooseDateViewController.storyboard in Resources */ = {isa = PBXBuildFile; fileRef = FABA2791259CA31900D1E72C /* ChooseDateViewController.storyboard */; };
		FABA2798259CA39900D1E72C /* Passcode.storyboard in Resources */ = {isa = PBXBuildFile; fileRef = FABA279A259CA39900D1E72C /* Passcode.storyboard */; };
		FAC08EFF258353C400C3FD05 /* CreateCategoryViewController.swift in Sources */ = {isa = PBXBuildFile; fileRef = FAC08EFE258353C400C3FD05 /* CreateCategoryViewController.swift */; };
		FAC08F032583561900C3FD05 /* GradientCategoryCollectionViewCell.swift in Sources */ = {isa = PBXBuildFile; fileRef = FAC08F012583561900C3FD05 /* GradientCategoryCollectionViewCell.swift */; };
		FAC08F042583561900C3FD05 /* GradientCategoryCollectionViewCell.xib in Resources */ = {isa = PBXBuildFile; fileRef = FAC08F022583561900C3FD05 /* GradientCategoryCollectionViewCell.xib */; };
		FAC08F0A25835F8C00C3FD05 /* CategoryImageCollectionViewCell.swift in Sources */ = {isa = PBXBuildFile; fileRef = FAC08F0825835F8C00C3FD05 /* CategoryImageCollectionViewCell.swift */; };
		FAC08F0B25835F8C00C3FD05 /* CategoryImageCollectionViewCell.xib in Resources */ = {isa = PBXBuildFile; fileRef = FAC08F0925835F8C00C3FD05 /* CategoryImageCollectionViewCell.xib */; };
		FAC951F525754F4E00931346 /* TopView.swift in Sources */ = {isa = PBXBuildFile; fileRef = FAC951F425754F4E00931346 /* TopView.swift */; };
		FACEEB30259C9D23009F3844 /* CreateCategory.storyboard in Resources */ = {isa = PBXBuildFile; fileRef = FACEEB32259C9D23009F3844 /* CreateCategory.storyboard */; };
		FAD1311E259C726600C38141 /* Localizable.strings in Resources */ = {isa = PBXBuildFile; fileRef = FAD13120259C726600C38141 /* Localizable.strings */; };
		FAE5427F2593B76E008C7DF8 /* PasscodeWelcomeView.swift in Sources */ = {isa = PBXBuildFile; fileRef = FAE5427E2593B76E008C7DF8 /* PasscodeWelcomeView.swift */; };
		FAE542842593BCA0008C7DF8 /* ConfigurePasscodeViewController.swift in Sources */ = {isa = PBXBuildFile; fileRef = FAE542832593BCA0008C7DF8 /* ConfigurePasscodeViewController.swift */; };
		FAE98562259753B00065546A /* AppearanceViewController.swift in Sources */ = {isa = PBXBuildFile; fileRef = FAE98561259753B00065546A /* AppearanceViewController.swift */; };
		FAEC3AC5259C9DF600236F74 /* Chart.storyboard in Resources */ = {isa = PBXBuildFile; fileRef = FAEC3AC7259C9DF600236F74 /* Chart.storyboard */; };
		FAEE03EB259B53040072B79F /* Constants.swift in Sources */ = {isa = PBXBuildFile; fileRef = FAEE03EA259B53040072B79F /* Constants.swift */; };
		FAF1799725874D4E00113DF5 /* gradients.csv in Resources */ = {isa = PBXBuildFile; fileRef = FAF1799625874D4E00113DF5 /* gradients.csv */; };
		FAF1D4D9257A5CE400DE10B4 /* ChartModel.swift in Sources */ = {isa = PBXBuildFile; fileRef = FAF1D4D8257A5CE400DE10B4 /* ChartModel.swift */; };
		FAFB4E2F2575457E002B9E23 /* AppDelegate.swift in Sources */ = {isa = PBXBuildFile; fileRef = FAFB4E2E2575457E002B9E23 /* AppDelegate.swift */; };
		FAFB4E312575457E002B9E23 /* SceneDelegate.swift in Sources */ = {isa = PBXBuildFile; fileRef = FAFB4E302575457E002B9E23 /* SceneDelegate.swift */; };
		FAFB4E332575457E002B9E23 /* HomeViewController.swift in Sources */ = {isa = PBXBuildFile; fileRef = FAFB4E322575457E002B9E23 /* HomeViewController.swift */; };
		FAFB4E362575457E002B9E23 /* Main.storyboard in Resources */ = {isa = PBXBuildFile; fileRef = FAFB4E342575457E002B9E23 /* Main.storyboard */; };
		FAFB4E3825754580002B9E23 /* Assets.xcassets in Resources */ = {isa = PBXBuildFile; fileRef = FAFB4E3725754580002B9E23 /* Assets.xcassets */; };
		FAFB4E3B25754580002B9E23 /* LaunchScreen.storyboard in Resources */ = {isa = PBXBuildFile; fileRef = FAFB4E3925754580002B9E23 /* LaunchScreen.storyboard */; };
		FAFED4712598BFE500584A8A /* GradientAccents.csv in Resources */ = {isa = PBXBuildFile; fileRef = FAFED4702598BFE500584A8A /* GradientAccents.csv */; };
		FAFED4762598C21E00584A8A /* GradientAccent+CoreDataClass.swift in Sources */ = {isa = PBXBuildFile; fileRef = FAFED4742598C21E00584A8A /* GradientAccent+CoreDataClass.swift */; };
		FAFED4772598C21E00584A8A /* GradientAccent+CoreDataProperties.swift in Sources */ = {isa = PBXBuildFile; fileRef = FAFED4752598C21E00584A8A /* GradientAccent+CoreDataProperties.swift */; };
		FAFF7F55257679BB00581889 /* CategoryTableViewCell.swift in Sources */ = {isa = PBXBuildFile; fileRef = FAFF7F53257679BB00581889 /* CategoryTableViewCell.swift */; };
		FAFF7F56257679BB00581889 /* CategoryTableViewCell.xib in Resources */ = {isa = PBXBuildFile; fileRef = FAFF7F54257679BB00581889 /* CategoryTableViewCell.xib */; };
/* End PBXBuildFile section */

/* Begin PBXFileReference section */
		FA0E587F258B4B84002F5D88 /* GraphPoint.swift */ = {isa = PBXFileReference; lastKnownFileType = sourcecode.swift; path = GraphPoint.swift; sourceTree = "<group>"; };
		FA0E5883258BA4B3002F5D88 /* Date+Extensions.swift */ = {isa = PBXFileReference; lastKnownFileType = sourcecode.swift; path = "Date+Extensions.swift"; sourceTree = "<group>"; };
		FA0E5886258BA545002F5D88 /* Sequense+Extensions.swift */ = {isa = PBXFileReference; lastKnownFileType = sourcecode.swift; path = "Sequense+Extensions.swift"; sourceTree = "<group>"; };
		FA168DA22583740100393814 /* UIColor+Extensions.swift */ = {isa = PBXFileReference; lastKnownFileType = sourcecode.swift; path = "UIColor+Extensions.swift"; sourceTree = "<group>"; };
		FA2018D82595D37700E17FAA /* PasscodeSuccessViewController.swift */ = {isa = PBXFileReference; lastKnownFileType = sourcecode.swift; path = PasscodeSuccessViewController.swift; sourceTree = "<group>"; };
		FA2018DD2595E26F00E17FAA /* UIViewController+Extensions.swift */ = {isa = PBXFileReference; lastKnownFileType = sourcecode.swift; path = "UIViewController+Extensions.swift"; sourceTree = "<group>"; };
		FA2544FB2578CED600D065CB /* CategoryCollectionViewCell.swift */ = {isa = PBXFileReference; lastKnownFileType = sourcecode.swift; path = CategoryCollectionViewCell.swift; sourceTree = "<group>"; };
		FA2544FC2578CED600D065CB /* CategoryCollectionViewCell.xib */ = {isa = PBXFileReference; lastKnownFileType = file.xib; path = CategoryCollectionViewCell.xib; sourceTree = "<group>"; };
		FA2CCE9E25A05E0E00137247 /* AppSettings.swift */ = {isa = PBXFileReference; lastKnownFileType = sourcecode.swift; path = AppSettings.swift; sourceTree = "<group>"; };
		FA30131B2579124D004D2421 /* ChartViewController.swift */ = {isa = PBXFileReference; lastKnownFileType = sourcecode.swift; path = ChartViewController.swift; sourceTree = "<group>"; };
		FA30131E257913D1004D2421 /* ChartView.swift */ = {isa = PBXFileReference; lastKnownFileType = sourcecode.swift; path = ChartView.swift; sourceTree = "<group>"; };
		FA301321257914D6004D2421 /* MonthCollectionViewCell.swift */ = {isa = PBXFileReference; lastKnownFileType = sourcecode.swift; path = MonthCollectionViewCell.swift; sourceTree = "<group>"; };
		FA301322257914D6004D2421 /* MonthCollectionViewCell.xib */ = {isa = PBXFileReference; lastKnownFileType = file.xib; path = MonthCollectionViewCell.xib; sourceTree = "<group>"; };
		FA33752B2588D67C00139495 /* Category+CoreDataClass.swift */ = {isa = PBXFileReference; lastKnownFileType = sourcecode.swift; path = "Category+CoreDataClass.swift"; sourceTree = "<group>"; };
		FA33752C2588D67C00139495 /* Category+CoreDataProperties.swift */ = {isa = PBXFileReference; lastKnownFileType = sourcecode.swift; path = "Category+CoreDataProperties.swift"; sourceTree = "<group>"; };
		FA354872259CEA5E00D864CD /* String+Extensions.swift */ = {isa = PBXFileReference; lastKnownFileType = sourcecode.swift; path = "String+Extensions.swift"; sourceTree = "<group>"; };
		FA354878259CF00800D864CD /* TransactionsTableViewCell.swift */ = {isa = PBXFileReference; lastKnownFileType = sourcecode.swift; path = TransactionsTableViewCell.swift; sourceTree = "<group>"; };
		FA354879259CF00800D864CD /* TransactionsTableViewCell.xib */ = {isa = PBXFileReference; lastKnownFileType = file.xib; path = TransactionsTableViewCell.xib; sourceTree = "<group>"; };
		FA354887259CF37E00D864CD /* CategoryElementsViewController.swift */ = {isa = PBXFileReference; lastKnownFileType = sourcecode.swift; path = CategoryElementsViewController.swift; sourceTree = "<group>"; };
		FA38CE59259C78A0006EC8C2 /* en */ = {isa = PBXFileReference; lastKnownFileType = text.plist.strings; name = en; path = en.lproj/Main.strings; sourceTree = "<group>"; };
		FA38CE5C259C7A64006EC8C2 /* Base */ = {isa = PBXFileReference; lastKnownFileType = file.storyboard; name = Base; path = Base.lproj/Home.storyboard; sourceTree = "<group>"; };
		FA38CE60259C7A69006EC8C2 /* en */ = {isa = PBXFileReference; lastKnownFileType = text.plist.strings; name = en; path = en.lproj/Home.strings; sourceTree = "<group>"; };
		FA38CE62259C7A6A006EC8C2 /* ru */ = {isa = PBXFileReference; lastKnownFileType = text.plist.strings; name = ru; path = ru.lproj/Home.strings; sourceTree = "<group>"; };
		FA38CE65259C9C00006EC8C2 /* Base */ = {isa = PBXFileReference; lastKnownFileType = file.storyboard; name = Base; path = Base.lproj/Category.storyboard; sourceTree = "<group>"; };
		FA49FFD9258DE029006BB779 /* ExpenseButton.swift */ = {isa = PBXFileReference; lastKnownFileType = sourcecode.swift; path = ExpenseButton.swift; sourceTree = "<group>"; };
		FA49FFDC258DE041006BB779 /* IncomeButton.swift */ = {isa = PBXFileReference; lastKnownFileType = sourcecode.swift; path = IncomeButton.swift; sourceTree = "<group>"; };
		FA4BBF322578FDE100F2ABD7 /* NavigationBar+Extensions.swift */ = {isa = PBXFileReference; lastKnownFileType = sourcecode.swift; path = "NavigationBar+Extensions.swift"; sourceTree = "<group>"; };
		FA4BBF362579029A00F2ABD7 /* UIView+Extensions.swift */ = {isa = PBXFileReference; lastKnownFileType = sourcecode.swift; path = "UIView+Extensions.swift"; sourceTree = "<group>"; };
		FA4DE2112594C5BE0069205F /* SecureStore.swift */ = {isa = PBXFileReference; lastKnownFileType = sourcecode.swift; path = SecureStore.swift; sourceTree = "<group>"; };
		FA4DE2142594C5F50069205F /* SecureStoreQueryable.swift */ = {isa = PBXFileReference; lastKnownFileType = sourcecode.swift; path = SecureStoreQueryable.swift; sourceTree = "<group>"; };
		FA4DE2172594C61D0069205F /* SecureStoreError.swift */ = {isa = PBXFileReference; lastKnownFileType = sourcecode.swift; path = SecureStoreError.swift; sourceTree = "<group>"; };
		FA4DE21A2594C68D0069205F /* GenericPasswordQueryable.swift */ = {isa = PBXFileReference; lastKnownFileType = sourcecode.swift; path = GenericPasswordQueryable.swift; sourceTree = "<group>"; };
		FA5295C0258A199D001B4D9D /* Balance+CoreDataClass.swift */ = {isa = PBXFileReference; lastKnownFileType = sourcecode.swift; path = "Balance+CoreDataClass.swift"; sourceTree = "<group>"; };
		FA5295C1258A199D001B4D9D /* Balance+CoreDataProperties.swift */ = {isa = PBXFileReference; lastKnownFileType = sourcecode.swift; path = "Balance+CoreDataProperties.swift"; sourceTree = "<group>"; };
		FA59C76B25755B9300C80A5A /* HomeCollectionViewCell.swift */ = {isa = PBXFileReference; lastKnownFileType = sourcecode.swift; path = HomeCollectionViewCell.swift; sourceTree = "<group>"; };
		FA59C76C25755B9300C80A5A /* HomeCollectionViewCell.xib */ = {isa = PBXFileReference; lastKnownFileType = file.xib; path = HomeCollectionViewCell.xib; sourceTree = "<group>"; };
		FA64E8DF259F255F007A96DE /* AppSettings.storyboard */ = {isa = PBXFileReference; lastKnownFileType = file.storyboard; path = AppSettings.storyboard; sourceTree = "<group>"; };
		FA64E8E2259F25F6007A96DE /* AppSettingsViewController.swift */ = {isa = PBXFileReference; lastKnownFileType = sourcecode.swift; path = AppSettingsViewController.swift; sourceTree = "<group>"; };
		FA64E8E6259F3FF6007A96DE /* CurrencyTableViewController.swift */ = {isa = PBXFileReference; lastKnownFileType = sourcecode.swift; path = CurrencyTableViewController.swift; sourceTree = "<group>"; };
		FA64E8EB259F4038007A96DE /* RoundingTableViewController.swift */ = {isa = PBXFileReference; lastKnownFileType = sourcecode.swift; path = RoundingTableViewController.swift; sourceTree = "<group>"; };
		FA64E8EE259F405D007A96DE /* DisplayingOnHomeScreenTableViewController.swift */ = {isa = PBXFileReference; lastKnownFileType = sourcecode.swift; path = DisplayingOnHomeScreenTableViewController.swift; sourceTree = "<group>"; };
		FA67CEB42590B53F00DC9A61 /* CategoryImage+CoreDataClass.swift */ = {isa = PBXFileReference; lastKnownFileType = sourcecode.swift; path = "CategoryImage+CoreDataClass.swift"; sourceTree = "<group>"; };
		FA67CEB52590B53F00DC9A61 /* CategoryImage+CoreDataProperties.swift */ = {isa = PBXFileReference; lastKnownFileType = sourcecode.swift; path = "CategoryImage+CoreDataProperties.swift"; sourceTree = "<group>"; };
		FA67CEB62590B53F00DC9A61 /* Gradient+CoreDataClass.swift */ = {isa = PBXFileReference; lastKnownFileType = sourcecode.swift; path = "Gradient+CoreDataClass.swift"; sourceTree = "<group>"; };
		FA67CEB72590B53F00DC9A61 /* Gradient+CoreDataProperties.swift */ = {isa = PBXFileReference; lastKnownFileType = sourcecode.swift; path = "Gradient+CoreDataProperties.swift"; sourceTree = "<group>"; };
		FA698AED25876306008D2168 /* images.csv */ = {isa = PBXFileReference; fileEncoding = 4; lastKnownFileType = text; path = images.csv; sourceTree = "<group>"; };
		FA6CDCB22599D4CB00DDECB3 /* Array+UIColor.swift */ = {isa = PBXFileReference; lastKnownFileType = sourcecode.swift; path = "Array+UIColor.swift"; sourceTree = "<group>"; };
		FA6E673D258CF2F9000CBA2D /* TabBar.swift */ = {isa = PBXFileReference; lastKnownFileType = sourcecode.swift; path = TabBar.swift; sourceTree = "<group>"; };
		FA6E6748258D1BC6000CBA2D /* SelectingTypeOfTransactionViewController.swift */ = {isa = PBXFileReference; lastKnownFileType = sourcecode.swift; path = SelectingTypeOfTransactionViewController.swift; sourceTree = "<group>"; };
		FA6E674B258D1C10000CBA2D /* FillingAmountAndDescriptionViewController.swift */ = {isa = PBXFileReference; lastKnownFileType = sourcecode.swift; path = FillingAmountAndDescriptionViewController.swift; sourceTree = "<group>"; };
		FA6E674E258D1C29000CBA2D /* ChooseCategoryViewController.swift */ = {isa = PBXFileReference; lastKnownFileType = sourcecode.swift; path = ChooseCategoryViewController.swift; sourceTree = "<group>"; };
		FA6E6751258D1C4A000CBA2D /* ChooseDateViewController.swift */ = {isa = PBXFileReference; lastKnownFileType = sourcecode.swift; path = ChooseDateViewController.swift; sourceTree = "<group>"; };
		FA718D9F2588C41500A9FF12 /* CustomButton.swift */ = {isa = PBXFileReference; lastKnownFileType = sourcecode.swift; path = CustomButton.swift; sourceTree = "<group>"; };
		FA718DA22588CC6800A9FF12 /* Transaction+CoreDataClass.swift */ = {isa = PBXFileReference; lastKnownFileType = sourcecode.swift; path = "Transaction+CoreDataClass.swift"; sourceTree = "<group>"; };
		FA718DA32588CC6800A9FF12 /* Transaction+CoreDataProperties.swift */ = {isa = PBXFileReference; lastKnownFileType = sourcecode.swift; path = "Transaction+CoreDataProperties.swift"; sourceTree = "<group>"; };
		FA758853257666810016990D /* ScrollView+Extensions.swift */ = {isa = PBXFileReference; lastKnownFileType = sourcecode.swift; path = "ScrollView+Extensions.swift"; sourceTree = "<group>"; };
		FA758856257668870016990D /* CategoryViewController.swift */ = {isa = PBXFileReference; lastKnownFileType = sourcecode.swift; path = CategoryViewController.swift; sourceTree = "<group>"; };
		FA762D66258C95EE00702EEF /* MeetingPictureView.swift */ = {isa = PBXFileReference; fileEncoding = 4; lastKnownFileType = sourcecode.swift; path = MeetingPictureView.swift; sourceTree = "<group>"; };
		FA762D6A258C9C1200702EEF /* TransactionView.swift */ = {isa = PBXFileReference; lastKnownFileType = sourcecode.swift; path = TransactionView.swift; sourceTree = "<group>"; };
		FA762D6D258CAC0400702EEF /* ExpenseView.swift */ = {isa = PBXFileReference; lastKnownFileType = sourcecode.swift; path = ExpenseView.swift; sourceTree = "<group>"; };
		FA815C562598755500050884 /* AppearanceCollectionViewCell.swift */ = {isa = PBXFileReference; lastKnownFileType = sourcecode.swift; path = AppearanceCollectionViewCell.swift; sourceTree = "<group>"; };
		FA856FC9258CAD5F0020A6AA /* IncomeView.swift */ = {isa = PBXFileReference; lastKnownFileType = sourcecode.swift; path = IncomeView.swift; sourceTree = "<group>"; };
		FA856FD0258CB2820020A6AA /* TransactionButton.swift */ = {isa = PBXFileReference; lastKnownFileType = sourcecode.swift; path = TransactionButton.swift; sourceTree = "<group>"; };
		FA856FD4258CE01B0020A6AA /* TabBarViewController.swift */ = {isa = PBXFileReference; lastKnownFileType = sourcecode.swift; path = TabBarViewController.swift; sourceTree = "<group>"; };
		FA8D899025826DB900ED1770 /* ExpenseTracker.xcdatamodel */ = {isa = PBXFileReference; lastKnownFileType = wrapper.xcdatamodel; path = ExpenseTracker.xcdatamodel; sourceTree = "<group>"; };
		FA91743B259F21D9001D96FF /* en */ = {isa = PBXFileReference; lastKnownFileType = text.plist.strings; name = en; path = en.lproj/Category.strings; sourceTree = "<group>"; };
		FA917440259F2216001D96FF /* ru */ = {isa = PBXFileReference; lastKnownFileType = text.plist.strings; name = ru; path = ru.lproj/Category.strings; sourceTree = "<group>"; };
		FA917442259F2246001D96FF /* uk */ = {isa = PBXFileReference; lastKnownFileType = text.plist.strings; name = uk; path = uk.lproj/Category.strings; sourceTree = "<group>"; };
		FA917445259F2287001D96FF /* Base */ = {isa = PBXFileReference; lastKnownFileType = file.storyboard; name = Base; path = Base.lproj/CategoryElements.storyboard; sourceTree = "<group>"; };
		FA917449259F2289001D96FF /* en */ = {isa = PBXFileReference; lastKnownFileType = text.plist.strings; name = en; path = en.lproj/CategoryElements.strings; sourceTree = "<group>"; };
		FA91744C259F228E001D96FF /* ru */ = {isa = PBXFileReference; lastKnownFileType = text.plist.strings; name = ru; path = ru.lproj/CategoryElements.strings; sourceTree = "<group>"; };
		FA91744E259F2299001D96FF /* uk */ = {isa = PBXFileReference; lastKnownFileType = text.plist.strings; name = uk; path = uk.lproj/CategoryElements.strings; sourceTree = "<group>"; };
		FA96EAEB25936E02007DE177 /* PasscodeTextField.swift */ = {isa = PBXFileReference; lastKnownFileType = sourcecode.swift; path = PasscodeTextField.swift; sourceTree = "<group>"; };
		FA96EAEE25936E2B007DE177 /* PinView.swift */ = {isa = PBXFileReference; lastKnownFileType = sourcecode.swift; path = PinView.swift; sourceTree = "<group>"; };
		FA96F7CF2594F9FC00080051 /* PasscodeSuccessfullyView.swift */ = {isa = PBXFileReference; lastKnownFileType = sourcecode.swift; path = PasscodeSuccessfullyView.swift; sourceTree = "<group>"; };
		FA96F7D7259501A100080051 /* BottomLeftView.swift */ = {isa = PBXFileReference; lastKnownFileType = sourcecode.swift; path = BottomLeftView.swift; sourceTree = "<group>"; };
		FA96F7DA259501AA00080051 /* TopRightView.swift */ = {isa = PBXFileReference; lastKnownFileType = sourcecode.swift; path = TopRightView.swift; sourceTree = "<group>"; };
		FA96F7DD259501B200080051 /* TopLeftView.swift */ = {isa = PBXFileReference; lastKnownFileType = sourcecode.swift; path = TopLeftView.swift; sourceTree = "<group>"; };
		FAA126D4259371B900131A4F /* PasscodeViewController.swift */ = {isa = PBXFileReference; lastKnownFileType = sourcecode.swift; path = PasscodeViewController.swift; sourceTree = "<group>"; };
		FAA83D142593866C00F3B0A7 /* SettingsViewController.swift */ = {isa = PBXFileReference; lastKnownFileType = sourcecode.swift; path = SettingsViewController.swift; sourceTree = "<group>"; };
		FAA83D172593898300F3B0A7 /* SettingsTableViewCell.swift */ = {isa = PBXFileReference; lastKnownFileType = sourcecode.swift; path = SettingsTableViewCell.swift; sourceTree = "<group>"; };
		FAA83D182593898300F3B0A7 /* SettingsTableViewCell.xib */ = {isa = PBXFileReference; lastKnownFileType = file.xib; path = SettingsTableViewCell.xib; sourceTree = "<group>"; };
		FAAC9A5025938D0100BDF53E /* ChangePasscodeViewController.swift */ = {isa = PBXFileReference; lastKnownFileType = sourcecode.swift; path = ChangePasscodeViewController.swift; sourceTree = "<group>"; };
		FAAFCD81257A36E100EBA6FC /* PlateView.swift */ = {isa = PBXFileReference; lastKnownFileType = sourcecode.swift; path = PlateView.swift; sourceTree = "<group>"; };
		FAB9D7AC25794288003320A6 /* GraphView.swift */ = {isa = PBXFileReference; lastKnownFileType = sourcecode.swift; path = GraphView.swift; sourceTree = "<group>"; };
		FABA2749259C9E3C00D1E72C /* ru */ = {isa = PBXFileReference; lastKnownFileType = text.plist.strings; name = ru; path = ru.lproj/Chart.strings; sourceTree = "<group>"; };
		FABA274C259C9E8800D1E72C /* Base */ = {isa = PBXFileReference; lastKnownFileType = file.storyboard; name = Base; path = Base.lproj/Settings.storyboard; sourceTree = "<group>"; };
		FABA274F259C9E8E00D1E72C /* en */ = {isa = PBXFileReference; lastKnownFileType = text.plist.strings; name = en; path = en.lproj/Settings.strings; sourceTree = "<group>"; };
		FABA2752259C9EC100D1E72C /* ru */ = {isa = PBXFileReference; lastKnownFileType = text.plist.strings; name = ru; path = ru.lproj/Settings.strings; sourceTree = "<group>"; };
		FABA2755259C9F0700D1E72C /* Base */ = {isa = PBXFileReference; lastKnownFileType = file.storyboard; name = Base; path = Base.lproj/Appearance.storyboard; sourceTree = "<group>"; };
		FABA2759259C9F0F00D1E72C /* en */ = {isa = PBXFileReference; lastKnownFileType = text.plist.strings; name = en; path = en.lproj/Appearance.strings; sourceTree = "<group>"; };
		FABA275B259C9F4100D1E72C /* ru */ = {isa = PBXFileReference; lastKnownFileType = text.plist.strings; name = ru; path = ru.lproj/Appearance.strings; sourceTree = "<group>"; };
		FABA275E259C9FB300D1E72C /* Base */ = {isa = PBXFileReference; lastKnownFileType = file.storyboard; name = Base; path = Base.lproj/CreatePasscode.storyboard; sourceTree = "<group>"; };
		FABA2761259C9FB800D1E72C /* en */ = {isa = PBXFileReference; lastKnownFileType = text.plist.strings; name = en; path = en.lproj/CreatePasscode.strings; sourceTree = "<group>"; };
		FABA2763259C9FEC00D1E72C /* ru */ = {isa = PBXFileReference; lastKnownFileType = text.plist.strings; name = ru; path = ru.lproj/CreatePasscode.strings; sourceTree = "<group>"; };
		FABA2766259CA06E00D1E72C /* Base */ = {isa = PBXFileReference; lastKnownFileType = file.storyboard; name = Base; path = Base.lproj/ConfigurePasscode.storyboard; sourceTree = "<group>"; };
		FABA276A259CA07200D1E72C /* en */ = {isa = PBXFileReference; lastKnownFileType = text.plist.strings; name = en; path = en.lproj/ConfigurePasscode.strings; sourceTree = "<group>"; };
		FABA276C259CA0A200D1E72C /* ru */ = {isa = PBXFileReference; lastKnownFileType = text.plist.strings; name = ru; path = ru.lproj/ConfigurePasscode.strings; sourceTree = "<group>"; };
		FABA276F259CA14F00D1E72C /* Base */ = {isa = PBXFileReference; lastKnownFileType = file.storyboard; name = Base; path = Base.lproj/PasscodeSuccessfully.storyboard; sourceTree = "<group>"; };
		FABA2773259CA15400D1E72C /* en */ = {isa = PBXFileReference; lastKnownFileType = text.plist.strings; name = en; path = en.lproj/PasscodeSuccessfully.strings; sourceTree = "<group>"; };
		FABA2775259CA18600D1E72C /* ru */ = {isa = PBXFileReference; lastKnownFileType = text.plist.strings; name = ru; path = ru.lproj/PasscodeSuccessfully.strings; sourceTree = "<group>"; };
		FABA2778259CA1C400D1E72C /* Base */ = {isa = PBXFileReference; lastKnownFileType = file.storyboard; name = Base; path = Base.lproj/SelectingTypeOfTransactionViewController.storyboard; sourceTree = "<group>"; };
		FABA277B259CA1C700D1E72C /* en */ = {isa = PBXFileReference; lastKnownFileType = text.plist.strings; name = en; path = en.lproj/SelectingTypeOfTransactionViewController.strings; sourceTree = "<group>"; };
		FABA277D259CA1CA00D1E72C /* ru */ = {isa = PBXFileReference; lastKnownFileType = text.plist.strings; name = ru; path = ru.lproj/SelectingTypeOfTransactionViewController.strings; sourceTree = "<group>"; };
		FABA2780259CA21800D1E72C /* Base */ = {isa = PBXFileReference; lastKnownFileType = file.storyboard; name = Base; path = Base.lproj/FillingAmountAndDescriptionViewController.storyboard; sourceTree = "<group>"; };
		FABA2784259CA21D00D1E72C /* en */ = {isa = PBXFileReference; lastKnownFileType = text.plist.strings; name = en; path = en.lproj/FillingAmountAndDescriptionViewController.strings; sourceTree = "<group>"; };
		FABA2786259CA24C00D1E72C /* ru */ = {isa = PBXFileReference; lastKnownFileType = text.plist.strings; name = ru; path = ru.lproj/FillingAmountAndDescriptionViewController.strings; sourceTree = "<group>"; };
		FABA2788259CA2A600D1E72C /* Base */ = {isa = PBXFileReference; lastKnownFileType = file.storyboard; name = Base; path = Base.lproj/ChooseCategoryViewController.storyboard; sourceTree = "<group>"; };
		FABA278C259CA2B400D1E72C /* en */ = {isa = PBXFileReference; lastKnownFileType = text.plist.strings; name = en; path = en.lproj/ChooseCategoryViewController.strings; sourceTree = "<group>"; };
		FABA278E259CA2E500D1E72C /* ru */ = {isa = PBXFileReference; lastKnownFileType = text.plist.strings; name = ru; path = ru.lproj/ChooseCategoryViewController.strings; sourceTree = "<group>"; };
		FABA2790259CA31900D1E72C /* Base */ = {isa = PBXFileReference; lastKnownFileType = file.storyboard; name = Base; path = Base.lproj/ChooseDateViewController.storyboard; sourceTree = "<group>"; };
		FABA2794259CA31C00D1E72C /* en */ = {isa = PBXFileReference; lastKnownFileType = text.plist.strings; name = en; path = en.lproj/ChooseDateViewController.strings; sourceTree = "<group>"; };
		FABA2796259CA34C00D1E72C /* ru */ = {isa = PBXFileReference; lastKnownFileType = text.plist.strings; name = ru; path = ru.lproj/ChooseDateViewController.strings; sourceTree = "<group>"; };
		FABA2799259CA39900D1E72C /* Base */ = {isa = PBXFileReference; lastKnownFileType = file.storyboard; name = Base; path = Base.lproj/Passcode.storyboard; sourceTree = "<group>"; };
		FABA279C259CA39E00D1E72C /* en */ = {isa = PBXFileReference; lastKnownFileType = text.plist.strings; name = en; path = en.lproj/Passcode.strings; sourceTree = "<group>"; };
		FABA279E259CA3CC00D1E72C /* ru */ = {isa = PBXFileReference; lastKnownFileType = text.plist.strings; name = ru; path = ru.lproj/Passcode.strings; sourceTree = "<group>"; };
		FABA27A0259CB93200D1E72C /* uk */ = {isa = PBXFileReference; lastKnownFileType = text.plist.strings; name = uk; path = uk.lproj/Chart.strings; sourceTree = "<group>"; };
		FABA27A1259CB93200D1E72C /* uk */ = {isa = PBXFileReference; lastKnownFileType = text.plist.strings; name = uk; path = uk.lproj/Home.strings; sourceTree = "<group>"; };
		FABA27A2259CB93200D1E72C /* uk */ = {isa = PBXFileReference; lastKnownFileType = text.plist.strings; name = uk; path = uk.lproj/Passcode.strings; sourceTree = "<group>"; };
		FABA27A3259CB93200D1E72C /* uk */ = {isa = PBXFileReference; lastKnownFileType = text.plist.strings; name = uk; path = uk.lproj/SelectingTypeOfTransactionViewController.strings; sourceTree = "<group>"; };
		FABA27A4259CB93200D1E72C /* uk */ = {isa = PBXFileReference; lastKnownFileType = text.plist.strings; name = uk; path = uk.lproj/FillingAmountAndDescriptionViewController.strings; sourceTree = "<group>"; };
		FABA27A5259CB93200D1E72C /* uk */ = {isa = PBXFileReference; lastKnownFileType = text.plist.strings; name = uk; path = uk.lproj/ChooseCategoryViewController.strings; sourceTree = "<group>"; };
		FABA27A6259CB93200D1E72C /* uk */ = {isa = PBXFileReference; lastKnownFileType = text.plist.strings; name = uk; path = uk.lproj/ChooseDateViewController.strings; sourceTree = "<group>"; };
		FABA27A8259CB93300D1E72C /* uk */ = {isa = PBXFileReference; lastKnownFileType = text.plist.strings; name = uk; path = uk.lproj/CreateCategory.strings; sourceTree = "<group>"; };
		FABA27A9259CB93300D1E72C /* uk */ = {isa = PBXFileReference; lastKnownFileType = text.plist.strings; name = uk; path = uk.lproj/LaunchScreen.strings; sourceTree = "<group>"; };
		FABA27AA259CB93300D1E72C /* uk */ = {isa = PBXFileReference; lastKnownFileType = text.plist.strings; name = uk; path = uk.lproj/Main.strings; sourceTree = "<group>"; };
		FABA27AB259CB93300D1E72C /* uk */ = {isa = PBXFileReference; lastKnownFileType = text.plist.strings; name = uk; path = uk.lproj/Appearance.strings; sourceTree = "<group>"; };
		FABA27AC259CB93300D1E72C /* uk */ = {isa = PBXFileReference; lastKnownFileType = text.plist.strings; name = uk; path = uk.lproj/Settings.strings; sourceTree = "<group>"; };
		FABA27AD259CB93300D1E72C /* uk */ = {isa = PBXFileReference; lastKnownFileType = text.plist.strings; name = uk; path = uk.lproj/CreatePasscode.strings; sourceTree = "<group>"; };
		FABA27AE259CB93300D1E72C /* uk */ = {isa = PBXFileReference; lastKnownFileType = text.plist.strings; name = uk; path = uk.lproj/ConfigurePasscode.strings; sourceTree = "<group>"; };
		FABA27AF259CB93300D1E72C /* uk */ = {isa = PBXFileReference; lastKnownFileType = text.plist.strings; name = uk; path = uk.lproj/PasscodeSuccessfully.strings; sourceTree = "<group>"; };
		FABA27B0259CB93300D1E72C /* uk */ = {isa = PBXFileReference; lastKnownFileType = text.plist.strings; name = uk; path = uk.lproj/Localizable.strings; sourceTree = "<group>"; };
		FAC08EFE258353C400C3FD05 /* CreateCategoryViewController.swift */ = {isa = PBXFileReference; lastKnownFileType = sourcecode.swift; path = CreateCategoryViewController.swift; sourceTree = "<group>"; };
		FAC08F012583561900C3FD05 /* GradientCategoryCollectionViewCell.swift */ = {isa = PBXFileReference; lastKnownFileType = sourcecode.swift; path = GradientCategoryCollectionViewCell.swift; sourceTree = "<group>"; };
		FAC08F022583561900C3FD05 /* GradientCategoryCollectionViewCell.xib */ = {isa = PBXFileReference; lastKnownFileType = file.xib; path = GradientCategoryCollectionViewCell.xib; sourceTree = "<group>"; };
		FAC08F0825835F8C00C3FD05 /* CategoryImageCollectionViewCell.swift */ = {isa = PBXFileReference; lastKnownFileType = sourcecode.swift; path = CategoryImageCollectionViewCell.swift; sourceTree = "<group>"; };
		FAC08F0925835F8C00C3FD05 /* CategoryImageCollectionViewCell.xib */ = {isa = PBXFileReference; lastKnownFileType = file.xib; path = CategoryImageCollectionViewCell.xib; sourceTree = "<group>"; };
		FAC951F425754F4E00931346 /* TopView.swift */ = {isa = PBXFileReference; lastKnownFileType = sourcecode.swift; path = TopView.swift; sourceTree = "<group>"; };
		FACEEB31259C9D23009F3844 /* Base */ = {isa = PBXFileReference; lastKnownFileType = file.storyboard; name = Base; path = Base.lproj/CreateCategory.storyboard; sourceTree = "<group>"; };
		FACEEB35259C9D2E009F3844 /* en */ = {isa = PBXFileReference; lastKnownFileType = text.plist.strings; name = en; path = en.lproj/CreateCategory.strings; sourceTree = "<group>"; };
		FAD13119259C719B00C38141 /* ru */ = {isa = PBXFileReference; lastKnownFileType = text.plist.strings; name = ru; path = ru.lproj/LaunchScreen.strings; sourceTree = "<group>"; };
		FAD1311A259C719B00C38141 /* ru */ = {isa = PBXFileReference; lastKnownFileType = text.plist.strings; name = ru; path = ru.lproj/Main.strings; sourceTree = "<group>"; };
		FAD1311F259C726600C38141 /* en */ = {isa = PBXFileReference; lastKnownFileType = text.plist.strings; name = en; path = en.lproj/Localizable.strings; sourceTree = "<group>"; };
		FAD13121259C727C00C38141 /* ru */ = {isa = PBXFileReference; lastKnownFileType = text.plist.strings; name = ru; path = ru.lproj/Localizable.strings; sourceTree = "<group>"; };
		FAE5427E2593B76E008C7DF8 /* PasscodeWelcomeView.swift */ = {isa = PBXFileReference; lastKnownFileType = sourcecode.swift; path = PasscodeWelcomeView.swift; sourceTree = "<group>"; };
		FAE542832593BCA0008C7DF8 /* ConfigurePasscodeViewController.swift */ = {isa = PBXFileReference; lastKnownFileType = sourcecode.swift; path = ConfigurePasscodeViewController.swift; sourceTree = "<group>"; };
		FAE98561259753B00065546A /* AppearanceViewController.swift */ = {isa = PBXFileReference; lastKnownFileType = sourcecode.swift; path = AppearanceViewController.swift; sourceTree = "<group>"; };
		FAEC3AC3259C9D7500236F74 /* ru */ = {isa = PBXFileReference; lastKnownFileType = text.plist.strings; name = ru; path = ru.lproj/CreateCategory.strings; sourceTree = "<group>"; };
		FAEC3AC6259C9DF600236F74 /* Base */ = {isa = PBXFileReference; lastKnownFileType = file.storyboard; name = Base; path = Base.lproj/Chart.storyboard; sourceTree = "<group>"; };
		FAEC3ACA259C9E1600236F74 /* en */ = {isa = PBXFileReference; lastKnownFileType = text.plist.strings; name = en; path = en.lproj/Chart.strings; sourceTree = "<group>"; };
		FAEE03EA259B53040072B79F /* Constants.swift */ = {isa = PBXFileReference; lastKnownFileType = sourcecode.swift; path = Constants.swift; sourceTree = "<group>"; };
		FAF1799625874D4E00113DF5 /* gradients.csv */ = {isa = PBXFileReference; fileEncoding = 4; lastKnownFileType = text; path = gradients.csv; sourceTree = "<group>"; };
		FAF1D4D8257A5CE400DE10B4 /* ChartModel.swift */ = {isa = PBXFileReference; lastKnownFileType = sourcecode.swift; path = ChartModel.swift; sourceTree = "<group>"; };
		FAFB4E2B2575457E002B9E23 /* Expense Tracker.app */ = {isa = PBXFileReference; explicitFileType = wrapper.application; includeInIndex = 0; path = "Expense Tracker.app"; sourceTree = BUILT_PRODUCTS_DIR; };
		FAFB4E2E2575457E002B9E23 /* AppDelegate.swift */ = {isa = PBXFileReference; lastKnownFileType = sourcecode.swift; path = AppDelegate.swift; sourceTree = "<group>"; };
		FAFB4E302575457E002B9E23 /* SceneDelegate.swift */ = {isa = PBXFileReference; lastKnownFileType = sourcecode.swift; path = SceneDelegate.swift; sourceTree = "<group>"; };
		FAFB4E322575457E002B9E23 /* HomeViewController.swift */ = {isa = PBXFileReference; lastKnownFileType = sourcecode.swift; path = HomeViewController.swift; sourceTree = "<group>"; };
		FAFB4E352575457E002B9E23 /* Base */ = {isa = PBXFileReference; lastKnownFileType = file.storyboard; name = Base; path = Base.lproj/Main.storyboard; sourceTree = "<group>"; };
		FAFB4E3725754580002B9E23 /* Assets.xcassets */ = {isa = PBXFileReference; lastKnownFileType = folder.assetcatalog; path = Assets.xcassets; sourceTree = "<group>"; };
		FAFB4E3A25754580002B9E23 /* Base */ = {isa = PBXFileReference; lastKnownFileType = file.storyboard; name = Base; path = Base.lproj/LaunchScreen.storyboard; sourceTree = "<group>"; };
		FAFB4E3C25754580002B9E23 /* Info.plist */ = {isa = PBXFileReference; lastKnownFileType = text.plist.xml; path = Info.plist; sourceTree = "<group>"; };
		FAFED4702598BFE500584A8A /* GradientAccents.csv */ = {isa = PBXFileReference; fileEncoding = 4; lastKnownFileType = text; path = GradientAccents.csv; sourceTree = "<group>"; };
		FAFED4742598C21E00584A8A /* GradientAccent+CoreDataClass.swift */ = {isa = PBXFileReference; lastKnownFileType = sourcecode.swift; path = "GradientAccent+CoreDataClass.swift"; sourceTree = "<group>"; };
		FAFED4752598C21E00584A8A /* GradientAccent+CoreDataProperties.swift */ = {isa = PBXFileReference; lastKnownFileType = sourcecode.swift; path = "GradientAccent+CoreDataProperties.swift"; sourceTree = "<group>"; };
		FAFF7F53257679BB00581889 /* CategoryTableViewCell.swift */ = {isa = PBXFileReference; lastKnownFileType = sourcecode.swift; path = CategoryTableViewCell.swift; sourceTree = "<group>"; };
		FAFF7F54257679BB00581889 /* CategoryTableViewCell.xib */ = {isa = PBXFileReference; lastKnownFileType = file.xib; path = CategoryTableViewCell.xib; sourceTree = "<group>"; };
/* End PBXFileReference section */

/* Begin PBXFrameworksBuildPhase section */
		FAFB4E282575457E002B9E23 /* Frameworks */ = {
			isa = PBXFrameworksBuildPhase;
			buildActionMask = 2147483647;
			files = (
			);
			runOnlyForDeploymentPostprocessing = 0;
		};
/* End PBXFrameworksBuildPhase section */

/* Begin PBXGroup section */
		FA2545002578CEDA00D065CB /* CategoryCollectionViewCell */ = {
			isa = PBXGroup;
			children = (
				FA2544FB2578CED600D065CB /* CategoryCollectionViewCell.swift */,
				FA2544FC2578CED600D065CB /* CategoryCollectionViewCell.xib */,
			);
			path = CategoryCollectionViewCell;
			sourceTree = "<group>";
		};
		FA301326257914D9004D2421 /* MonthCollectionViewCell */ = {
			isa = PBXGroup;
			children = (
				FA301321257914D6004D2421 /* MonthCollectionViewCell.swift */,
				FA301322257914D6004D2421 /* MonthCollectionViewCell.xib */,
			);
			path = MonthCollectionViewCell;
			sourceTree = "<group>";
		};
		FA3375292588D64600139495 /* Transaction */ = {
			isa = PBXGroup;
			children = (
				FA718DA22588CC6800A9FF12 /* Transaction+CoreDataClass.swift */,
				FA718DA32588CC6800A9FF12 /* Transaction+CoreDataProperties.swift */,
			);
			path = Transaction;
			sourceTree = "<group>";
		};
		FA3375302588D68100139495 /* Category */ = {
			isa = PBXGroup;
			children = (
				FA33752B2588D67C00139495 /* Category+CoreDataClass.swift */,
				FA33752C2588D67C00139495 /* Category+CoreDataProperties.swift */,
			);
			path = Category;
			sourceTree = "<group>";
		};
		FA35487D259CF01500D864CD /* TransactionsTableViewCell */ = {
			isa = PBXGroup;
			children = (
				FA354878259CF00800D864CD /* TransactionsTableViewCell.swift */,
				FA354879259CF00800D864CD /* TransactionsTableViewCell.xib */,
			);
			path = TransactionsTableViewCell;
			sourceTree = "<group>";
		};
		FA4BBF302578FD6D00F2ABD7 /* Extensions */ = {
			isa = PBXGroup;
			children = (
				FA4BBF322578FDE100F2ABD7 /* NavigationBar+Extensions.swift */,
				FA758853257666810016990D /* ScrollView+Extensions.swift */,
				FA168DA22583740100393814 /* UIColor+Extensions.swift */,
				FA4BBF362579029A00F2ABD7 /* UIView+Extensions.swift */,
				FA0E5883258BA4B3002F5D88 /* Date+Extensions.swift */,
				FA0E5886258BA545002F5D88 /* Sequense+Extensions.swift */,
				FA6CDCB22599D4CB00DDECB3 /* Array+UIColor.swift */,
				FA2018DD2595E26F00E17FAA /* UIViewController+Extensions.swift */,
				FA354872259CEA5E00D864CD /* String+Extensions.swift */,
			);
			path = Extensions;
			sourceTree = "<group>";
		};
		FA4DE21D2594C6A00069205F /* Secure Store */ = {
			isa = PBXGroup;
			children = (
				FA4DE2112594C5BE0069205F /* SecureStore.swift */,
				FA4DE21A2594C68D0069205F /* GenericPasswordQueryable.swift */,
				FA4DE2172594C61D0069205F /* SecureStoreError.swift */,
				FA4DE2142594C5F50069205F /* SecureStoreQueryable.swift */,
			);
			path = "Secure Store";
			sourceTree = "<group>";
		};
		FA517B392595F14600074D73 /* Passcode */ = {
			isa = PBXGroup;
			children = (
				FABA275F259C9FB300D1E72C /* CreatePasscode.storyboard */,
				FABA2767259CA06E00D1E72C /* ConfigurePasscode.storyboard */,
				FABA2770259CA14F00D1E72C /* PasscodeSuccessfully.storyboard */,
			);
			path = Passcode;
			sourceTree = "<group>";
		};
		FA54CF7C258A1C530057E3FC /* Balance */ = {
			isa = PBXGroup;
			children = (
				FA5295C0258A199D001B4D9D /* Balance+CoreDataClass.swift */,
				FA5295C1258A199D001B4D9D /* Balance+CoreDataProperties.swift */,
			);
			path = Balance;
			sourceTree = "<group>";
		};
		FA59C77025755B9A00C80A5A /* HomeCollectionViewCell */ = {
			isa = PBXGroup;
			children = (
				FA59C76B25755B9300C80A5A /* HomeCollectionViewCell.swift */,
				FA59C76C25755B9300C80A5A /* HomeCollectionViewCell.xib */,
			);
			path = HomeCollectionViewCell;
			sourceTree = "<group>";
		};
		FA59C773257568DA00C80A5A /* Model */ = {
			isa = PBXGroup;
			children = (
				FA2CCE9E25A05E0E00137247 /* AppSettings.swift */,
				FAF1D4D8257A5CE400DE10B4 /* ChartModel.swift */,
				FA0E587F258B4B84002F5D88 /* GraphPoint.swift */,
				FA54CF7C258A1C530057E3FC /* Balance */,
				FA3375302588D68100139495 /* Category */,
				FA67CEC02590B54C00DC9A61 /* CategoryImage */,
				FA8D898F25826DB900ED1770 /* ExpenseTracker.xcdatamodeld */,
				FA67CEBD2590B54400DC9A61 /* Gradient */,
				FAFED4792598C22300584A8A /* GradientAccent */,
				FA4DE21D2594C6A00069205F /* Secure Store */,
				FA3375292588D64600139495 /* Transaction */,
			);
			path = Model;
			sourceTree = "<group>";
		};
		FA64E8E9259F4019007A96DE /* AppSettings */ = {
			isa = PBXGroup;
			children = (
				FA64E8E2259F25F6007A96DE /* AppSettingsViewController.swift */,
				FA64E8EE259F405D007A96DE /* DisplayingOnHomeScreenTableViewController.swift */,
				FA64E8E6259F3FF6007A96DE /* CurrencyTableViewController.swift */,
				FA64E8EB259F4038007A96DE /* RoundingTableViewController.swift */,
			);
			path = AppSettings;
			sourceTree = "<group>";
		};
		FA67CEBD2590B54400DC9A61 /* Gradient */ = {
			isa = PBXGroup;
			children = (
				FA67CEB62590B53F00DC9A61 /* Gradient+CoreDataClass.swift */,
				FA67CEB72590B53F00DC9A61 /* Gradient+CoreDataProperties.swift */,
			);
			path = Gradient;
			sourceTree = "<group>";
		};
		FA67CEC02590B54C00DC9A61 /* CategoryImage */ = {
			isa = PBXGroup;
			children = (
				FA67CEB42590B53F00DC9A61 /* CategoryImage+CoreDataClass.swift */,
				FA67CEB52590B53F00DC9A61 /* CategoryImage+CoreDataProperties.swift */,
			);
			path = CategoryImage;
			sourceTree = "<group>";
		};
		FA6E6754258D1C4F000CBA2D /* Adding Transaction */ = {
			isa = PBXGroup;
			children = (
				FA6E6748258D1BC6000CBA2D /* SelectingTypeOfTransactionViewController.swift */,
				FA6E674B258D1C10000CBA2D /* FillingAmountAndDescriptionViewController.swift */,
				FA6E674E258D1C29000CBA2D /* ChooseCategoryViewController.swift */,
				FA6E6751258D1C4A000CBA2D /* ChooseDateViewController.swift */,
			);
			path = "Adding Transaction";
			sourceTree = "<group>";
		};
		FA6E6761258D1D1E000CBA2D /* Adding Transaction */ = {
			isa = PBXGroup;
			children = (
				FABA2779259CA1C400D1E72C /* SelectingTypeOfTransactionViewController.storyboard */,
				FABA2781259CA21800D1E72C /* FillingAmountAndDescriptionViewController.storyboard */,
				FABA2789259CA2A600D1E72C /* ChooseCategoryViewController.storyboard */,
				FABA2791259CA31900D1E72C /* ChooseDateViewController.storyboard */,
			);
			path = "Adding Transaction";
			sourceTree = "<group>";
		};
		FA6E6762258D1D36000CBA2D /* Category */ = {
			isa = PBXGroup;
			children = (
				FA758856257668870016990D /* CategoryViewController.swift */,
				FAC08EFE258353C400C3FD05 /* CreateCategoryViewController.swift */,
				FA354887259CF37E00D864CD /* CategoryElementsViewController.swift */,
			);
			path = Category;
			sourceTree = "<group>";
		};
		FA6E6763258D1D45000CBA2D /* Category */ = {
			isa = PBXGroup;
			children = (
				FA38CE66259C9C00006EC8C2 /* Category.storyboard */,
				FACEEB32259C9D23009F3844 /* CreateCategory.storyboard */,
				FA917446259F2287001D96FF /* CategoryElements.storyboard */,
			);
			path = Category;
			sourceTree = "<group>";
		};
		FA856FCC258CAEAA0020A6AA /* TransactionsView */ = {
			isa = PBXGroup;
			children = (
				FA49FFD9258DE029006BB779 /* ExpenseButton.swift */,
				FA762D6D258CAC0400702EEF /* ExpenseView.swift */,
				FA49FFDC258DE041006BB779 /* IncomeButton.swift */,
				FA856FC9258CAD5F0020A6AA /* IncomeView.swift */,
				FA856FD0258CB2820020A6AA /* TransactionButton.swift */,
				FA762D6A258C9C1200702EEF /* TransactionView.swift */,
			);
			path = TransactionsView;
			sourceTree = "<group>";
		};
		FA96EAF125936E39007DE177 /* PasscodeTextField */ = {
			isa = PBXGroup;
			children = (
				FA96EAEB25936E02007DE177 /* PasscodeTextField.swift */,
				FA96EAEE25936E2B007DE177 /* PinView.swift */,
			);
			path = PasscodeTextField;
			sourceTree = "<group>";
		};
		FA96F7D22594FA4600080051 /* PasscodeViews */ = {
			isa = PBXGroup;
			children = (
				FAE5427E2593B76E008C7DF8 /* PasscodeWelcomeView.swift */,
				FA96F7CF2594F9FC00080051 /* PasscodeSuccessfullyView.swift */,
				FA96F7D7259501A100080051 /* BottomLeftView.swift */,
				FA96F7DA259501AA00080051 /* TopRightView.swift */,
				FA96F7DD259501B200080051 /* TopLeftView.swift */,
			);
			path = PasscodeViews;
			sourceTree = "<group>";
		};
		FAA270B325876BC7001B9AD4 /* CreateCategory */ = {
			isa = PBXGroup;
			children = (
				FAC08F062583561D00C3FD05 /* GradientCategoryCollectionViewCell */,
				FAC08F0D25835F9200C3FD05 /* CategoryImageCollectionViewCell */,
			);
			path = CreateCategory;
			sourceTree = "<group>";
		};
		FAA83D112593847600F3B0A7 /* Settings */ = {
			isa = PBXGroup;
			children = (
				FAE98561259753B00065546A /* AppearanceViewController.swift */,
				FAA83D142593866C00F3B0A7 /* SettingsViewController.swift */,
				FA64E8E9259F4019007A96DE /* AppSettings */,
				FAAE20052594CB2C005DA8ED /* Passcode */,
			);
			path = Settings;
			sourceTree = "<group>";
		};
		FAA83D1C2593898800F3B0A7 /* SettingsTableViewCell */ = {
			isa = PBXGroup;
			children = (
				FAA83D172593898300F3B0A7 /* SettingsTableViewCell.swift */,
				FAA83D182593898300F3B0A7 /* SettingsTableViewCell.xib */,
			);
			path = SettingsTableViewCell;
			sourceTree = "<group>";
		};
		FAAC9A5625938D2900BDF53E /* Settings */ = {
			isa = PBXGroup;
			children = (
				FABA2756259C9F0700D1E72C /* Appearance.storyboard */,
				FABA274D259C9E8800D1E72C /* Settings.storyboard */,
				FA517B392595F14600074D73 /* Passcode */,
				FA64E8DF259F255F007A96DE /* AppSettings.storyboard */,
			);
			path = Settings;
			sourceTree = "<group>";
		};
		FAAE20052594CB2C005DA8ED /* Passcode */ = {
			isa = PBXGroup;
			children = (
				FAAC9A5025938D0100BDF53E /* ChangePasscodeViewController.swift */,
				FAE542832593BCA0008C7DF8 /* ConfigurePasscodeViewController.swift */,
				FA2018D82595D37700E17FAA /* PasscodeSuccessViewController.swift */,
			);
			path = Passcode;
			sourceTree = "<group>";
		};
		FAC08F062583561D00C3FD05 /* GradientCategoryCollectionViewCell */ = {
			isa = PBXGroup;
			children = (
				FAC08F012583561900C3FD05 /* GradientCategoryCollectionViewCell.swift */,
				FAC08F022583561900C3FD05 /* GradientCategoryCollectionViewCell.xib */,
			);
			path = GradientCategoryCollectionViewCell;
			sourceTree = "<group>";
		};
		FAC08F0D25835F9200C3FD05 /* CategoryImageCollectionViewCell */ = {
			isa = PBXGroup;
			children = (
				FAC08F0825835F8C00C3FD05 /* CategoryImageCollectionViewCell.swift */,
				FAC08F0925835F8C00C3FD05 /* CategoryImageCollectionViewCell.xib */,
			);
			path = CategoryImageCollectionViewCell;
			sourceTree = "<group>";
		};
		FAC951F72575507A00931346 /* Storyboards */ = {
			isa = PBXGroup;
			children = (
				FAEC3AC7259C9DF600236F74 /* Chart.storyboard */,
				FA38CE5D259C7A64006EC8C2 /* Home.storyboard */,
				FABA279A259CA39900D1E72C /* Passcode.storyboard */,
				FA6E6761258D1D1E000CBA2D /* Adding Transaction */,
				FA6E6763258D1D45000CBA2D /* Category */,
				FAFB4E3925754580002B9E23 /* LaunchScreen.storyboard */,
				FAFB4E342575457E002B9E23 /* Main.storyboard */,
				FAAC9A5625938D2900BDF53E /* Settings */,
			);
			path = Storyboards;
			sourceTree = "<group>";
		};
		FAE9856A25976B2A0065546A /* AppearanceCollectionViewCell */ = {
			isa = PBXGroup;
			children = (
				FA815C562598755500050884 /* AppearanceCollectionViewCell.swift */,
			);
			path = AppearanceCollectionViewCell;
			sourceTree = "<group>";
		};
		FAF1D4D6257A55D000DE10B4 /* ChartView */ = {
			isa = PBXGroup;
			children = (
				FA30131E257913D1004D2421 /* ChartView.swift */,
				FAB9D7AC25794288003320A6 /* GraphView.swift */,
				FAAFCD81257A36E100EBA6FC /* PlateView.swift */,
			);
			path = ChartView;
			sourceTree = "<group>";
		};
		FAFB4E222575457E002B9E23 = {
			isa = PBXGroup;
			children = (
				FAFB4E2D2575457E002B9E23 /* Expense Tracker */,
				FAFB4E2C2575457E002B9E23 /* Products */,
			);
			sourceTree = "<group>";
		};
		FAFB4E2C2575457E002B9E23 /* Products */ = {
			isa = PBXGroup;
			children = (
				FAFB4E2B2575457E002B9E23 /* Expense Tracker.app */,
			);
			name = Products;
			sourceTree = "<group>";
		};
		FAFB4E2D2575457E002B9E23 /* Expense Tracker */ = {
			isa = PBXGroup;
			children = (
				FAFB4E4325754590002B9E23 /* AppDelegate */,
				FAFB4E452575459A002B9E23 /* Controllers */,
				FA4BBF302578FD6D00F2ABD7 /* Extensions */,
				FA59C773257568DA00C80A5A /* Model */,
				FAFB4E49257545AD002B9E23 /* Resources */,
				FAFB4E48257545A6002B9E23 /* View */,
			);
			path = "Expense Tracker";
			sourceTree = "<group>";
		};
		FAFB4E4325754590002B9E23 /* AppDelegate */ = {
			isa = PBXGroup;
			children = (
				FAFB4E2E2575457E002B9E23 /* AppDelegate.swift */,
				FAFB4E302575457E002B9E23 /* SceneDelegate.swift */,
			);
			path = AppDelegate;
			sourceTree = "<group>";
		};
		FAFB4E452575459A002B9E23 /* Controllers */ = {
			isa = PBXGroup;
			children = (
				FA30131B2579124D004D2421 /* ChartViewController.swift */,
				FAFB4E322575457E002B9E23 /* HomeViewController.swift */,
				FAA126D4259371B900131A4F /* PasscodeViewController.swift */,
				FA856FD4258CE01B0020A6AA /* TabBarViewController.swift */,
				FA6E6754258D1C4F000CBA2D /* Adding Transaction */,
				FA6E6762258D1D36000CBA2D /* Category */,
				FAA83D112593847600F3B0A7 /* Settings */,
			);
			path = Controllers;
			sourceTree = "<group>";
		};
		FAFB4E48257545A6002B9E23 /* View */ = {
			isa = PBXGroup;
			children = (
				FA718D9F2588C41500A9FF12 /* CustomButton.swift */,
				FA762D66258C95EE00702EEF /* MeetingPictureView.swift */,
				FA6E673D258CF2F9000CBA2D /* TabBar.swift */,
				FAC951F425754F4E00931346 /* TopView.swift */,
				FAE9856A25976B2A0065546A /* AppearanceCollectionViewCell */,
				FA2545002578CEDA00D065CB /* CategoryCollectionViewCell */,
				FAFF7F58257679C000581889 /* CategoryTableViewCell */,
				FAF1D4D6257A55D000DE10B4 /* ChartView */,
				FAA270B325876BC7001B9AD4 /* CreateCategory */,
				FA59C77025755B9A00C80A5A /* HomeCollectionViewCell */,
				FA301326257914D9004D2421 /* MonthCollectionViewCell */,
				FA96EAF125936E39007DE177 /* PasscodeTextField */,
				FA96F7D22594FA4600080051 /* PasscodeViews */,
				FAA83D1C2593898800F3B0A7 /* SettingsTableViewCell */,
				FAC951F72575507A00931346 /* Storyboards */,
				FA35487D259CF01500D864CD /* TransactionsTableViewCell */,
				FA856FCC258CAEAA0020A6AA /* TransactionsView */,
			);
			path = View;
			sourceTree = "<group>";
		};
		FAFB4E49257545AD002B9E23 /* Resources */ = {
			isa = PBXGroup;
			children = (
				FAFED4702598BFE500584A8A /* GradientAccents.csv */,
				FAF1799625874D4E00113DF5 /* gradients.csv */,
				FA698AED25876306008D2168 /* images.csv */,
				FAFB4E3C25754580002B9E23 /* Info.plist */,
				FAEE03EA259B53040072B79F /* Constants.swift */,
				FAFB4E3725754580002B9E23 /* Assets.xcassets */,
				FAD13120259C726600C38141 /* Localizable.strings */,
			);
			path = Resources;
			sourceTree = "<group>";
		};
		FAFED4792598C22300584A8A /* GradientAccent */ = {
			isa = PBXGroup;
			children = (
				FAFED4742598C21E00584A8A /* GradientAccent+CoreDataClass.swift */,
				FAFED4752598C21E00584A8A /* GradientAccent+CoreDataProperties.swift */,
			);
			path = GradientAccent;
			sourceTree = "<group>";
		};
		FAFF7F58257679C000581889 /* CategoryTableViewCell */ = {
			isa = PBXGroup;
			children = (
				FAFF7F53257679BB00581889 /* CategoryTableViewCell.swift */,
				FAFF7F54257679BB00581889 /* CategoryTableViewCell.xib */,
			);
			path = CategoryTableViewCell;
			sourceTree = "<group>";
		};
/* End PBXGroup section */

/* Begin PBXNativeTarget section */
		FAFB4E2A2575457E002B9E23 /* Expense Tracker */ = {
			isa = PBXNativeTarget;
			buildConfigurationList = FAFB4E3F25754580002B9E23 /* Build configuration list for PBXNativeTarget "Expense Tracker" */;
			buildPhases = (
				FAFB4E272575457E002B9E23 /* Sources */,
				FAFB4E282575457E002B9E23 /* Frameworks */,
				FAFB4E292575457E002B9E23 /* Resources */,
			);
			buildRules = (
			);
			dependencies = (
			);
			name = "Expense Tracker";
			productName = "Expense Tracker";
			productReference = FAFB4E2B2575457E002B9E23 /* Expense Tracker.app */;
			productType = "com.apple.product-type.application";
		};
/* End PBXNativeTarget section */

/* Begin PBXProject section */
		FAFB4E232575457E002B9E23 /* Project object */ = {
			isa = PBXProject;
			attributes = {
				LastSwiftUpdateCheck = 1220;
				LastUpgradeCheck = 1220;
				TargetAttributes = {
					FAFB4E2A2575457E002B9E23 = {
						CreatedOnToolsVersion = 12.2;
					};
				};
			};
			buildConfigurationList = FAFB4E262575457E002B9E23 /* Build configuration list for PBXProject "Expense Tracker" */;
			compatibilityVersion = "Xcode 9.3";
			developmentRegion = en;
			hasScannedForEncodings = 0;
			knownRegions = (
				en,
				Base,
				ru,
				uk,
			);
			mainGroup = FAFB4E222575457E002B9E23;
			productRefGroup = FAFB4E2C2575457E002B9E23 /* Products */;
			projectDirPath = "";
			projectRoot = "";
			targets = (
				FAFB4E2A2575457E002B9E23 /* Expense Tracker */,
			);
		};
/* End PBXProject section */

/* Begin PBXResourcesBuildPhase section */
		FAFB4E292575457E002B9E23 /* Resources */ = {
			isa = PBXResourcesBuildPhase;
			buildActionMask = 2147483647;
			files = (
				FABA2777259CA1C400D1E72C /* SelectingTypeOfTransactionViewController.storyboard in Resources */,
				FA64E8E0259F255F007A96DE /* AppSettings.storyboard in Resources */,
				FA301324257914D6004D2421 /* MonthCollectionViewCell.xib in Resources */,
				FABA2754259C9F0700D1E72C /* Appearance.storyboard in Resources */,
				FABA277F259CA21800D1E72C /* FillingAmountAndDescriptionViewController.storyboard in Resources */,
				FAC08F0B25835F8C00C3FD05 /* CategoryImageCollectionViewCell.xib in Resources */,
				FACEEB30259C9D23009F3844 /* CreateCategory.storyboard in Resources */,
				FA35487B259CF00800D864CD /* TransactionsTableViewCell.xib in Resources */,
				FABA274B259C9E8800D1E72C /* Settings.storyboard in Resources */,
				FAA83D1A2593898300F3B0A7 /* SettingsTableViewCell.xib in Resources */,
				FABA2765259CA06E00D1E72C /* ConfigurePasscode.storyboard in Resources */,
				FA38CE5B259C7A64006EC8C2 /* Home.storyboard in Resources */,
				FA38CE64259C9C00006EC8C2 /* Category.storyboard in Resources */,
				FAFB4E3B25754580002B9E23 /* LaunchScreen.storyboard in Resources */,
				FAFF7F56257679BB00581889 /* CategoryTableViewCell.xib in Resources */,
				FAFED4712598BFE500584A8A /* GradientAccents.csv in Resources */,
				FA698AEE25876306008D2168 /* images.csv in Resources */,
				FA59C76E25755B9300C80A5A /* HomeCollectionViewCell.xib in Resources */,
				FAC08F042583561900C3FD05 /* GradientCategoryCollectionViewCell.xib in Resources */,
				FAD1311E259C726600C38141 /* Localizable.strings in Resources */,
				FA2544FE2578CED600D065CB /* CategoryCollectionViewCell.xib in Resources */,
				FAF1799725874D4E00113DF5 /* gradients.csv in Resources */,
				FABA2787259CA2A600D1E72C /* ChooseCategoryViewController.storyboard in Resources */,
				FABA2798259CA39900D1E72C /* Passcode.storyboard in Resources */,
				FA917444259F2287001D96FF /* CategoryElements.storyboard in Resources */,
				FAEC3AC5259C9DF600236F74 /* Chart.storyboard in Resources */,
				FABA276E259CA14F00D1E72C /* PasscodeSuccessfully.storyboard in Resources */,
				FABA278F259CA31900D1E72C /* ChooseDateViewController.storyboard in Resources */,
				FAFB4E3825754580002B9E23 /* Assets.xcassets in Resources */,
				FABA275D259C9FB300D1E72C /* CreatePasscode.storyboard in Resources */,
				FAFB4E362575457E002B9E23 /* Main.storyboard in Resources */,
			);
			runOnlyForDeploymentPostprocessing = 0;
		};
/* End PBXResourcesBuildPhase section */

/* Begin PBXSourcesBuildPhase section */
		FAFB4E272575457E002B9E23 /* Sources */ = {
			isa = PBXSourcesBuildPhase;
			buildActionMask = 2147483647;
			files = (
				FA0E5887258BA545002F5D88 /* Sequense+Extensions.swift in Sources */,
				FAAC9A5125938D0100BDF53E /* ChangePasscodeViewController.swift in Sources */,
				FA30131C2579124D004D2421 /* ChartViewController.swift in Sources */,
				FAA83D192593898300F3B0A7 /* SettingsTableViewCell.swift in Sources */,
				FAE98562259753B00065546A /* AppearanceViewController.swift in Sources */,
				FA49FFDD258DE041006BB779 /* IncomeButton.swift in Sources */,
				FAEE03EB259B53040072B79F /* Constants.swift in Sources */,
				FA5295C2258A199D001B4D9D /* Balance+CoreDataClass.swift in Sources */,
				FA6E674C258D1C10000CBA2D /* FillingAmountAndDescriptionViewController.swift in Sources */,
				FA59C76D25755B9300C80A5A /* HomeCollectionViewCell.swift in Sources */,
				FA49FFDA258DE029006BB779 /* ExpenseButton.swift in Sources */,
				FA8D899125826DB900ED1770 /* ExpenseTracker.xcdatamodeld in Sources */,
				FA354873259CEA5E00D864CD /* String+Extensions.swift in Sources */,
				FA718DA02588C41500A9FF12 /* CustomButton.swift in Sources */,
				FA718DA52588CC6800A9FF12 /* Transaction+CoreDataProperties.swift in Sources */,
				FA2018DE2595E26F00E17FAA /* UIViewController+Extensions.swift in Sources */,
				FA67CEB92590B53F00DC9A61 /* CategoryImage+CoreDataProperties.swift in Sources */,
				FAFB4E332575457E002B9E23 /* HomeViewController.swift in Sources */,
				FAFB4E2F2575457E002B9E23 /* AppDelegate.swift in Sources */,
				FA815C572598755500050884 /* AppearanceCollectionViewCell.swift in Sources */,
				FA64E8EC259F4038007A96DE /* RoundingTableViewController.swift in Sources */,
				FA4DE21B2594C68D0069205F /* GenericPasswordQueryable.swift in Sources */,
				FAE5427F2593B76E008C7DF8 /* PasscodeWelcomeView.swift in Sources */,
				FA2CCE9F25A05E0E00137247 /* AppSettings.swift in Sources */,
				FA301323257914D6004D2421 /* MonthCollectionViewCell.swift in Sources */,
				FA856FD5258CE01B0020A6AA /* TabBarViewController.swift in Sources */,
				FA762D6B258C9C1200702EEF /* TransactionView.swift in Sources */,
				FA856FCA258CAD5F0020A6AA /* IncomeView.swift in Sources */,
				FA762D6E258CAC0400702EEF /* ExpenseView.swift in Sources */,
				FA96F7D8259501A100080051 /* BottomLeftView.swift in Sources */,
				FA0E5884258BA4B3002F5D88 /* Date+Extensions.swift in Sources */,
				FA856FD1258CB2820020A6AA /* TransactionButton.swift in Sources */,
				FA33752D2588D67C00139495 /* Category+CoreDataClass.swift in Sources */,
				FA6CDCB32599D4CB00DDECB3 /* Array+UIColor.swift in Sources */,
				FAC08F0A25835F8C00C3FD05 /* CategoryImageCollectionViewCell.swift in Sources */,
				FA758857257668870016990D /* CategoryViewController.swift in Sources */,
				FAFED4762598C21E00584A8A /* GradientAccent+CoreDataClass.swift in Sources */,
				FA6E673E258CF2F9000CBA2D /* TabBar.swift in Sources */,
				FAA126D5259371B900131A4F /* PasscodeViewController.swift in Sources */,
				FA4BBF372579029A00F2ABD7 /* UIView+Extensions.swift in Sources */,
				FAF1D4D9257A5CE400DE10B4 /* ChartModel.swift in Sources */,
				FA762D67258C95EE00702EEF /* MeetingPictureView.swift in Sources */,
				FA4BBF332578FDE100F2ABD7 /* NavigationBar+Extensions.swift in Sources */,
				FA6E674F258D1C29000CBA2D /* ChooseCategoryViewController.swift in Sources */,
				FA64E8EF259F405D007A96DE /* DisplayingOnHomeScreenTableViewController.swift in Sources */,
				FA5295C3258A199D001B4D9D /* Balance+CoreDataProperties.swift in Sources */,
				FA30131F257913D1004D2421 /* ChartView.swift in Sources */,
				FA0E5880258B4B84002F5D88 /* GraphPoint.swift in Sources */,
				FA96EAEF25936E2B007DE177 /* PinView.swift in Sources */,
				FA64E8E3259F25F6007A96DE /* AppSettingsViewController.swift in Sources */,
				FA67CEBB2590B53F00DC9A61 /* Gradient+CoreDataProperties.swift in Sources */,
				FAC08EFF258353C400C3FD05 /* CreateCategoryViewController.swift in Sources */,
				FA96EAEC25936E02007DE177 /* PasscodeTextField.swift in Sources */,
				FA354888259CF37E00D864CD /* CategoryElementsViewController.swift in Sources */,
				FA4DE2122594C5BE0069205F /* SecureStore.swift in Sources */,
				FAFED4772598C21E00584A8A /* GradientAccent+CoreDataProperties.swift in Sources */,
				FAC951F525754F4E00931346 /* TopView.swift in Sources */,
				FA96F7D02594F9FC00080051 /* PasscodeSuccessfullyView.swift in Sources */,
				FA6E6752258D1C4A000CBA2D /* ChooseDateViewController.swift in Sources */,
				FA96F7DE259501B200080051 /* TopLeftView.swift in Sources */,
				FAC08F032583561900C3FD05 /* GradientCategoryCollectionViewCell.swift in Sources */,
				FAAFCD82257A36E100EBA6FC /* PlateView.swift in Sources */,
				FA6E6749258D1BC6000CBA2D /* SelectingTypeOfTransactionViewController.swift in Sources */,
				FA64E8E7259F3FF6007A96DE /* CurrencyTableViewController.swift in Sources */,
				FAFB4E312575457E002B9E23 /* SceneDelegate.swift in Sources */,
				FAE542842593BCA0008C7DF8 /* ConfigurePasscodeViewController.swift in Sources */,
				FAA83D152593866C00F3B0A7 /* SettingsViewController.swift in Sources */,
				FA168DA32583740100393814 /* UIColor+Extensions.swift in Sources */,
				FA4DE2152594C5F50069205F /* SecureStoreQueryable.swift in Sources */,
				FA4DE2182594C61D0069205F /* SecureStoreError.swift in Sources */,
				FAB9D7AD25794288003320A6 /* GraphView.swift in Sources */,
				FA67CEBA2590B53F00DC9A61 /* Gradient+CoreDataClass.swift in Sources */,
				FA96F7DB259501AA00080051 /* TopRightView.swift in Sources */,
				FA33752E2588D67C00139495 /* Category+CoreDataProperties.swift in Sources */,
				FA718DA42588CC6800A9FF12 /* Transaction+CoreDataClass.swift in Sources */,
				FA2544FD2578CED600D065CB /* CategoryCollectionViewCell.swift in Sources */,
				FA2018D92595D37700E17FAA /* PasscodeSuccessViewController.swift in Sources */,
				FA67CEB82590B53F00DC9A61 /* CategoryImage+CoreDataClass.swift in Sources */,
				FA35487A259CF00800D864CD /* TransactionsTableViewCell.swift in Sources */,
				FA758854257666810016990D /* ScrollView+Extensions.swift in Sources */,
				FAFF7F55257679BB00581889 /* CategoryTableViewCell.swift in Sources */,
			);
			runOnlyForDeploymentPostprocessing = 0;
		};
/* End PBXSourcesBuildPhase section */

/* Begin PBXVariantGroup section */
		FA38CE5D259C7A64006EC8C2 /* Home.storyboard */ = {
			isa = PBXVariantGroup;
			children = (
				FA38CE5C259C7A64006EC8C2 /* Base */,
				FA38CE60259C7A69006EC8C2 /* en */,
				FA38CE62259C7A6A006EC8C2 /* ru */,
				FABA27A1259CB93200D1E72C /* uk */,
			);
			name = Home.storyboard;
			sourceTree = "<group>";
		};
		FA38CE66259C9C00006EC8C2 /* Category.storyboard */ = {
			isa = PBXVariantGroup;
			children = (
				FA38CE65259C9C00006EC8C2 /* Base */,
				FA91743B259F21D9001D96FF /* en */,
				FA917440259F2216001D96FF /* ru */,
				FA917442259F2246001D96FF /* uk */,
			);
			name = Category.storyboard;
			sourceTree = "<group>";
		};
		FA917446259F2287001D96FF /* CategoryElements.storyboard */ = {
			isa = PBXVariantGroup;
			children = (
				FA917445259F2287001D96FF /* Base */,
				FA917449259F2289001D96FF /* en */,
				FA91744C259F228E001D96FF /* ru */,
				FA91744E259F2299001D96FF /* uk */,
			);
			name = CategoryElements.storyboard;
			sourceTree = "<group>";
		};
		FABA274D259C9E8800D1E72C /* Settings.storyboard */ = {
			isa = PBXVariantGroup;
			children = (
				FABA274C259C9E8800D1E72C /* Base */,
				FABA274F259C9E8E00D1E72C /* en */,
				FABA2752259C9EC100D1E72C /* ru */,
				FABA27AC259CB93300D1E72C /* uk */,
			);
			name = Settings.storyboard;
			sourceTree = "<group>";
		};
		FABA2756259C9F0700D1E72C /* Appearance.storyboard */ = {
			isa = PBXVariantGroup;
			children = (
				FABA2755259C9F0700D1E72C /* Base */,
				FABA2759259C9F0F00D1E72C /* en */,
				FABA275B259C9F4100D1E72C /* ru */,
				FABA27AB259CB93300D1E72C /* uk */,
			);
			name = Appearance.storyboard;
			sourceTree = "<group>";
		};
		FABA275F259C9FB300D1E72C /* CreatePasscode.storyboard */ = {
			isa = PBXVariantGroup;
			children = (
				FABA275E259C9FB300D1E72C /* Base */,
				FABA2761259C9FB800D1E72C /* en */,
				FABA2763259C9FEC00D1E72C /* ru */,
				FABA27AD259CB93300D1E72C /* uk */,
			);
			name = CreatePasscode.storyboard;
			sourceTree = "<group>";
		};
		FABA2767259CA06E00D1E72C /* ConfigurePasscode.storyboard */ = {
			isa = PBXVariantGroup;
			children = (
				FABA2766259CA06E00D1E72C /* Base */,
				FABA276A259CA07200D1E72C /* en */,
				FABA276C259CA0A200D1E72C /* ru */,
				FABA27AE259CB93300D1E72C /* uk */,
			);
			name = ConfigurePasscode.storyboard;
			sourceTree = "<group>";
		};
		FABA2770259CA14F00D1E72C /* PasscodeSuccessfully.storyboard */ = {
			isa = PBXVariantGroup;
			children = (
				FABA276F259CA14F00D1E72C /* Base */,
				FABA2773259CA15400D1E72C /* en */,
				FABA2775259CA18600D1E72C /* ru */,
				FABA27AF259CB93300D1E72C /* uk */,
			);
			name = PasscodeSuccessfully.storyboard;
			sourceTree = "<group>";
		};
		FABA2779259CA1C400D1E72C /* SelectingTypeOfTransactionViewController.storyboard */ = {
			isa = PBXVariantGroup;
			children = (
				FABA2778259CA1C400D1E72C /* Base */,
				FABA277B259CA1C700D1E72C /* en */,
				FABA277D259CA1CA00D1E72C /* ru */,
				FABA27A3259CB93200D1E72C /* uk */,
			);
			name = SelectingTypeOfTransactionViewController.storyboard;
			sourceTree = "<group>";
		};
		FABA2781259CA21800D1E72C /* FillingAmountAndDescriptionViewController.storyboard */ = {
			isa = PBXVariantGroup;
			children = (
				FABA2780259CA21800D1E72C /* Base */,
				FABA2784259CA21D00D1E72C /* en */,
				FABA2786259CA24C00D1E72C /* ru */,
				FABA27A4259CB93200D1E72C /* uk */,
			);
			name = FillingAmountAndDescriptionViewController.storyboard;
			sourceTree = "<group>";
		};
		FABA2789259CA2A600D1E72C /* ChooseCategoryViewController.storyboard */ = {
			isa = PBXVariantGroup;
			children = (
				FABA2788259CA2A600D1E72C /* Base */,
				FABA278C259CA2B400D1E72C /* en */,
				FABA278E259CA2E500D1E72C /* ru */,
				FABA27A5259CB93200D1E72C /* uk */,
			);
			name = ChooseCategoryViewController.storyboard;
			sourceTree = "<group>";
		};
		FABA2791259CA31900D1E72C /* ChooseDateViewController.storyboard */ = {
			isa = PBXVariantGroup;
			children = (
				FABA2790259CA31900D1E72C /* Base */,
				FABA2794259CA31C00D1E72C /* en */,
				FABA2796259CA34C00D1E72C /* ru */,
				FABA27A6259CB93200D1E72C /* uk */,
			);
			name = ChooseDateViewController.storyboard;
			sourceTree = "<group>";
		};
		FABA279A259CA39900D1E72C /* Passcode.storyboard */ = {
			isa = PBXVariantGroup;
			children = (
				FABA2799259CA39900D1E72C /* Base */,
				FABA279C259CA39E00D1E72C /* en */,
				FABA279E259CA3CC00D1E72C /* ru */,
				FABA27A2259CB93200D1E72C /* uk */,
			);
			name = Passcode.storyboard;
			sourceTree = "<group>";
		};
		FACEEB32259C9D23009F3844 /* CreateCategory.storyboard */ = {
			isa = PBXVariantGroup;
			children = (
				FACEEB31259C9D23009F3844 /* Base */,
				FACEEB35259C9D2E009F3844 /* en */,
				FAEC3AC3259C9D7500236F74 /* ru */,
				FABA27A8259CB93300D1E72C /* uk */,
			);
			name = CreateCategory.storyboard;
			sourceTree = "<group>";
		};
		FAD13120259C726600C38141 /* Localizable.strings */ = {
			isa = PBXVariantGroup;
			children = (
				FAD1311F259C726600C38141 /* en */,
				FAD13121259C727C00C38141 /* ru */,
				FABA27B0259CB93300D1E72C /* uk */,
			);
			name = Localizable.strings;
			sourceTree = "<group>";
		};
		FAEC3AC7259C9DF600236F74 /* Chart.storyboard */ = {
			isa = PBXVariantGroup;
			children = (
				FAEC3AC6259C9DF600236F74 /* Base */,
				FAEC3ACA259C9E1600236F74 /* en */,
				FABA2749259C9E3C00D1E72C /* ru */,
				FABA27A0259CB93200D1E72C /* uk */,
			);
			name = Chart.storyboard;
			sourceTree = "<group>";
		};
		FAFB4E342575457E002B9E23 /* Main.storyboard */ = {
			isa = PBXVariantGroup;
			children = (
				FAFB4E352575457E002B9E23 /* Base */,
				FAD1311A259C719B00C38141 /* ru */,
				FA38CE59259C78A0006EC8C2 /* en */,
				FABA27AA259CB93300D1E72C /* uk */,
			);
			name = Main.storyboard;
			sourceTree = "<group>";
		};
		FAFB4E3925754580002B9E23 /* LaunchScreen.storyboard */ = {
			isa = PBXVariantGroup;
			children = (
				FAFB4E3A25754580002B9E23 /* Base */,
				FAD13119259C719B00C38141 /* ru */,
				FABA27A9259CB93300D1E72C /* uk */,
			);
			name = LaunchScreen.storyboard;
			sourceTree = "<group>";
		};
/* End PBXVariantGroup section */

/* Begin XCBuildConfiguration section */
		FAFB4E3D25754580002B9E23 /* Debug */ = {
			isa = XCBuildConfiguration;
			buildSettings = {
				ALWAYS_SEARCH_USER_PATHS = NO;
				CLANG_ANALYZER_LOCALIZABILITY_NONLOCALIZED = YES;
				CLANG_ANALYZER_NONNULL = YES;
				CLANG_ANALYZER_NUMBER_OBJECT_CONVERSION = YES_AGGRESSIVE;
				CLANG_CXX_LANGUAGE_STANDARD = "gnu++14";
				CLANG_CXX_LIBRARY = "libc++";
				CLANG_ENABLE_MODULES = YES;
				CLANG_ENABLE_OBJC_ARC = YES;
				CLANG_ENABLE_OBJC_WEAK = YES;
				CLANG_WARN_BLOCK_CAPTURE_AUTORELEASING = YES;
				CLANG_WARN_BOOL_CONVERSION = YES;
				CLANG_WARN_COMMA = YES;
				CLANG_WARN_CONSTANT_CONVERSION = YES;
				CLANG_WARN_DEPRECATED_OBJC_IMPLEMENTATIONS = YES;
				CLANG_WARN_DIRECT_OBJC_ISA_USAGE = YES_ERROR;
				CLANG_WARN_DOCUMENTATION_COMMENTS = YES;
				CLANG_WARN_EMPTY_BODY = YES;
				CLANG_WARN_ENUM_CONVERSION = YES;
				CLANG_WARN_INFINITE_RECURSION = YES;
				CLANG_WARN_INT_CONVERSION = YES;
				CLANG_WARN_NON_LITERAL_NULL_CONVERSION = YES;
				CLANG_WARN_OBJC_IMPLICIT_RETAIN_SELF = YES;
				CLANG_WARN_OBJC_LITERAL_CONVERSION = YES;
				CLANG_WARN_OBJC_ROOT_CLASS = YES_ERROR;
				CLANG_WARN_QUOTED_INCLUDE_IN_FRAMEWORK_HEADER = YES;
				CLANG_WARN_RANGE_LOOP_ANALYSIS = YES;
				CLANG_WARN_STRICT_PROTOTYPES = YES;
				CLANG_WARN_SUSPICIOUS_MOVE = YES;
				CLANG_WARN_UNGUARDED_AVAILABILITY = YES_AGGRESSIVE;
				CLANG_WARN_UNREACHABLE_CODE = YES;
				CLANG_WARN__DUPLICATE_METHOD_MATCH = YES;
				COPY_PHASE_STRIP = NO;
				DEBUG_INFORMATION_FORMAT = dwarf;
				ENABLE_STRICT_OBJC_MSGSEND = YES;
				ENABLE_TESTABILITY = YES;
				GCC_C_LANGUAGE_STANDARD = gnu11;
				GCC_DYNAMIC_NO_PIC = NO;
				GCC_NO_COMMON_BLOCKS = YES;
				GCC_OPTIMIZATION_LEVEL = 0;
				GCC_PREPROCESSOR_DEFINITIONS = (
					"DEBUG=1",
					"$(inherited)",
				);
				GCC_WARN_64_TO_32_BIT_CONVERSION = YES;
				GCC_WARN_ABOUT_RETURN_TYPE = YES_ERROR;
				GCC_WARN_UNDECLARED_SELECTOR = YES;
				GCC_WARN_UNINITIALIZED_AUTOS = YES_AGGRESSIVE;
				GCC_WARN_UNUSED_FUNCTION = YES;
				GCC_WARN_UNUSED_VARIABLE = YES;
				IPHONEOS_DEPLOYMENT_TARGET = 14.2;
				MTL_ENABLE_DEBUG_INFO = INCLUDE_SOURCE;
				MTL_FAST_MATH = YES;
				ONLY_ACTIVE_ARCH = YES;
				SDKROOT = iphoneos;
				SWIFT_ACTIVE_COMPILATION_CONDITIONS = DEBUG;
				SWIFT_OPTIMIZATION_LEVEL = "-Onone";
			};
			name = Debug;
		};
		FAFB4E3E25754580002B9E23 /* Release */ = {
			isa = XCBuildConfiguration;
			buildSettings = {
				ALWAYS_SEARCH_USER_PATHS = NO;
				CLANG_ANALYZER_LOCALIZABILITY_NONLOCALIZED = YES;
				CLANG_ANALYZER_NONNULL = YES;
				CLANG_ANALYZER_NUMBER_OBJECT_CONVERSION = YES_AGGRESSIVE;
				CLANG_CXX_LANGUAGE_STANDARD = "gnu++14";
				CLANG_CXX_LIBRARY = "libc++";
				CLANG_ENABLE_MODULES = YES;
				CLANG_ENABLE_OBJC_ARC = YES;
				CLANG_ENABLE_OBJC_WEAK = YES;
				CLANG_WARN_BLOCK_CAPTURE_AUTORELEASING = YES;
				CLANG_WARN_BOOL_CONVERSION = YES;
				CLANG_WARN_COMMA = YES;
				CLANG_WARN_CONSTANT_CONVERSION = YES;
				CLANG_WARN_DEPRECATED_OBJC_IMPLEMENTATIONS = YES;
				CLANG_WARN_DIRECT_OBJC_ISA_USAGE = YES_ERROR;
				CLANG_WARN_DOCUMENTATION_COMMENTS = YES;
				CLANG_WARN_EMPTY_BODY = YES;
				CLANG_WARN_ENUM_CONVERSION = YES;
				CLANG_WARN_INFINITE_RECURSION = YES;
				CLANG_WARN_INT_CONVERSION = YES;
				CLANG_WARN_NON_LITERAL_NULL_CONVERSION = YES;
				CLANG_WARN_OBJC_IMPLICIT_RETAIN_SELF = YES;
				CLANG_WARN_OBJC_LITERAL_CONVERSION = YES;
				CLANG_WARN_OBJC_ROOT_CLASS = YES_ERROR;
				CLANG_WARN_QUOTED_INCLUDE_IN_FRAMEWORK_HEADER = YES;
				CLANG_WARN_RANGE_LOOP_ANALYSIS = YES;
				CLANG_WARN_STRICT_PROTOTYPES = YES;
				CLANG_WARN_SUSPICIOUS_MOVE = YES;
				CLANG_WARN_UNGUARDED_AVAILABILITY = YES_AGGRESSIVE;
				CLANG_WARN_UNREACHABLE_CODE = YES;
				CLANG_WARN__DUPLICATE_METHOD_MATCH = YES;
				COPY_PHASE_STRIP = NO;
				DEBUG_INFORMATION_FORMAT = "dwarf-with-dsym";
				ENABLE_NS_ASSERTIONS = NO;
				ENABLE_STRICT_OBJC_MSGSEND = YES;
				GCC_C_LANGUAGE_STANDARD = gnu11;
				GCC_NO_COMMON_BLOCKS = YES;
				GCC_WARN_64_TO_32_BIT_CONVERSION = YES;
				GCC_WARN_ABOUT_RETURN_TYPE = YES_ERROR;
				GCC_WARN_UNDECLARED_SELECTOR = YES;
				GCC_WARN_UNINITIALIZED_AUTOS = YES_AGGRESSIVE;
				GCC_WARN_UNUSED_FUNCTION = YES;
				GCC_WARN_UNUSED_VARIABLE = YES;
				IPHONEOS_DEPLOYMENT_TARGET = 14.2;
				MTL_ENABLE_DEBUG_INFO = NO;
				MTL_FAST_MATH = YES;
				SDKROOT = iphoneos;
				SWIFT_COMPILATION_MODE = wholemodule;
				SWIFT_OPTIMIZATION_LEVEL = "-O";
				VALIDATE_PRODUCT = YES;
			};
			name = Release;
		};
		FAFB4E4025754580002B9E23 /* Debug */ = {
			isa = XCBuildConfiguration;
			buildSettings = {
				ASSETCATALOG_COMPILER_APPICON_NAME = AppIcon;
				ASSETCATALOG_COMPILER_GLOBAL_ACCENT_COLOR_NAME = AccentColor;
				CODE_SIGN_STYLE = Automatic;
				INFOPLIST_FILE = "Expense Tracker/Resources/Info.plist";
				LD_RUNPATH_SEARCH_PATHS = (
					"$(inherited)",
					"@executable_path/Frameworks",
				);
				PRODUCT_BUNDLE_IDENTIFIER = "ilya.isempty.Expense-Tracker";
				PRODUCT_NAME = "$(TARGET_NAME)";
				SWIFT_VERSION = 5.0;
				TARGETED_DEVICE_FAMILY = "1,2";
			};
			name = Debug;
		};
		FAFB4E4125754580002B9E23 /* Release */ = {
			isa = XCBuildConfiguration;
			buildSettings = {
				ASSETCATALOG_COMPILER_APPICON_NAME = AppIcon;
				ASSETCATALOG_COMPILER_GLOBAL_ACCENT_COLOR_NAME = AccentColor;
				CODE_SIGN_STYLE = Automatic;
				INFOPLIST_FILE = "Expense Tracker/Resources/Info.plist";
				LD_RUNPATH_SEARCH_PATHS = (
					"$(inherited)",
					"@executable_path/Frameworks",
				);
				PRODUCT_BUNDLE_IDENTIFIER = "ilya.isempty.Expense-Tracker";
				PRODUCT_NAME = "$(TARGET_NAME)";
				SWIFT_VERSION = 5.0;
				TARGETED_DEVICE_FAMILY = "1,2";
			};
			name = Release;
		};
/* End XCBuildConfiguration section */

/* Begin XCConfigurationList section */
		FAFB4E262575457E002B9E23 /* Build configuration list for PBXProject "Expense Tracker" */ = {
			isa = XCConfigurationList;
			buildConfigurations = (
				FAFB4E3D25754580002B9E23 /* Debug */,
				FAFB4E3E25754580002B9E23 /* Release */,
			);
			defaultConfigurationIsVisible = 0;
			defaultConfigurationName = Release;
		};
		FAFB4E3F25754580002B9E23 /* Build configuration list for PBXNativeTarget "Expense Tracker" */ = {
			isa = XCConfigurationList;
			buildConfigurations = (
				FAFB4E4025754580002B9E23 /* Debug */,
				FAFB4E4125754580002B9E23 /* Release */,
			);
			defaultConfigurationIsVisible = 0;
			defaultConfigurationName = Release;
		};
/* End XCConfigurationList section */

/* Begin XCVersionGroup section */
		FA8D898F25826DB900ED1770 /* ExpenseTracker.xcdatamodeld */ = {
			isa = XCVersionGroup;
			children = (
				FA8D899025826DB900ED1770 /* ExpenseTracker.xcdatamodel */,
			);
			currentVersion = FA8D899025826DB900ED1770 /* ExpenseTracker.xcdatamodel */;
			path = ExpenseTracker.xcdatamodeld;
			sourceTree = "<group>";
			versionGroupType = wrapper.xcdatamodel;
		};
/* End XCVersionGroup section */
	};
	rootObject = FAFB4E232575457E002B9E23 /* Project object */;
}
